PODS:
  - DiffableDataSources (0.4.0):
    - DifferenceKit/AppKitExtension (~> 1.1)
    - DifferenceKit/UIKitExtension (~> 1.1)
  - DifferenceKit/Core (1.1.5)
  - DifferenceKit/UIKitExtension (1.1.5):
    - DifferenceKit/Core
  - IQListKit (1.2.1):
    - DiffableDataSources (~> 0.4.0)
  - SwiftLint (0.42.0)

DEPENDENCIES:
  - IQListKit (from `.`)
  - SwiftLint

SPEC REPOS:
  trunk:
    - DiffableDataSources
    - DifferenceKit
    - SwiftLint

EXTERNAL SOURCES:
  IQListKit:
    :path: "."

SPEC CHECKSUMS:
  DiffableDataSources: 80396cec405c9b29e1e07b55c9be7d11b46c8741
  DifferenceKit: 516f12e336ed65a3a0665847b5c3cb5cad4bd4ea
  IQListKit: 256e7605af4f7bd611782e6571f206f0b40fe158
  SwiftLint: 4fa9579c63416865179bc416f0a92d55f009600d

PODFILE CHECKSUM: 7884a22172412717693c064bb119f746016b05ba

COCOAPODS: 1.11.2
