PODS:
  - IQListKit (6.1.0)
  - SwiftLint (0.50.1)

DEPENDENCIES:
  - IQListKit (from `.`)
  - SwiftLint

SPEC REPOS:
  trunk:
    - SwiftLint

EXTERNAL SOURCES:
  IQListKit:
    :path: "."

SPEC CHECKSUMS:
  IQListKit: f85f291ea6bd0ca5d004b8a5cc5d5f82a681d79b
  SwiftLint: 6b0cf1f4d619808dbc16e4fab064ce6fc79f090b

PODFILE CHECKSUM: 2cbfa96b77f48e122b914f4358c8224f3260defa

COCOAPODS: 1.12.1
