// !$*UTF8*$!
{
	archiveVersion = 1;
	classes = {
	};
	objectVersion = 51;
	objects = {

/* Begin PBXBuildFile section */
		C0003186299A61C200B2D108 /* CustomLayoutViewController.swift in Sources */ = {isa = PBXBuildFile; fileRef = C0003185299A61C200B2D108 /* CustomLayoutViewController.swift */; };
		C01BA2382992253B008B97EA /* EmojiCell.swift in Sources */ = {isa = PBXBuildFile; fileRef = C01BA2372992253B008B97EA /* EmojiCell.swift */; };
		C02A49FE2996701A00E4B327 /* CreateLayoutViewController.swift in Sources */ = {isa = PBXBuildFile; fileRef = C02A49FD2996701A00E4B327 /* CreateLayoutViewController.swift */; };
		C08CDB2B264BAFC7006BD338 /* CollectionUserCell.swift in Sources */ = {isa = PBXBuildFile; fileRef = C08CDB29264BAFC7006BD338 /* CollectionUserCell.swift */; };
		C08CDB2C264BAFC7006BD338 /* CollectionUserCell.xib in Resources */ = {isa = PBXBuildFile; fileRef = C08CDB2A264BAFC7006BD338 /* CollectionUserCell.xib */; };
		C08CDB2E264BB11A006BD338 /* UserListCollectionViewController.swift in Sources */ = {isa = PBXBuildFile; fileRef = C08CDB2D264BB11A006BD338 /* UserListCollectionViewController.swift */; };
		C0900A55299BDF1B00CF3BA6 /* ToStringUtility.swift in Sources */ = {isa = PBXBuildFile; fileRef = C0900A54299BDF1B00CF3BA6 /* ToStringUtility.swift */; };
		C091473B2994E34D007C2AE9 /* FooterTitleSupplementaryView.swift in Sources */ = {isa = PBXBuildFile; fileRef = C091473A2994E34D007C2AE9 /* FooterTitleSupplementaryView.swift */; };
		C091473D2994E366007C2AE9 /* HeaderTitleSupplementaryView.swift in Sources */ = {isa = PBXBuildFile; fileRef = C091473C2994E366007C2AE9 /* HeaderTitleSupplementaryView.swift */; };
		C0939E90299A16C1001823FF /* CustomLayoutCell.swift in Sources */ = {isa = PBXBuildFile; fileRef = C0939E8F299A16C1001823FF /* CustomLayoutCell.swift */; };
		C0A0D8FD259C9168008CD05F /* BookCell.swift in Sources */ = {isa = PBXBuildFile; fileRef = C0A0D8FC259C9168008CD05F /* BookCell.swift */; };
		C0A0D900259C918F008CD05F /* Book.swift in Sources */ = {isa = PBXBuildFile; fileRef = C0A0D8FF259C918F008CD05F /* Book.swift */; };
		C0A2AB71259A28CA00F06BFC /* AppDelegate.swift in Sources */ = {isa = PBXBuildFile; fileRef = C0A2AB70259A28CA00F06BFC /* AppDelegate.swift */; };
		C0A2AB73259A28CA00F06BFC /* SceneDelegate.swift in Sources */ = {isa = PBXBuildFile; fileRef = C0A2AB72259A28CA00F06BFC /* SceneDelegate.swift */; };
		C0A2AB78259A28CA00F06BFC /* Main.storyboard in Resources */ = {isa = PBXBuildFile; fileRef = C0A2AB76259A28CA00F06BFC /* Main.storyboard */; };
		C0A2AB7A259A28CB00F06BFC /* Assets.xcassets in Resources */ = {isa = PBXBuildFile; fileRef = C0A2AB79259A28CB00F06BFC /* Assets.xcassets */; };
		C0A2AB7D259A28CB00F06BFC /* LaunchScreen.storyboard in Resources */ = {isa = PBXBuildFile; fileRef = C0A2AB7B259A28CB00F06BFC /* LaunchScreen.storyboard */; };
		C0A3CAE127513319004BE529 /* SampleCollectionReusableView.swift in Sources */ = {isa = PBXBuildFile; fileRef = C0A3CADF27513319004BE529 /* SampleCollectionReusableView.swift */; };
		C0A3CAE227513319004BE529 /* SampleCollectionReusableView.xib in Resources */ = {isa = PBXBuildFile; fileRef = C0A3CAE027513319004BE529 /* SampleCollectionReusableView.xib */; };
		C0BA5BCD298E7ACB00230100 /* CustomConfigurations.swift in Sources */ = {isa = PBXBuildFile; fileRef = C0BA5B98298E7ACB00230100 /* CustomConfigurations.swift */; };
		C0BA5BCE298E7ACB00230100 /* CustomConfigurationViewController.swift in Sources */ = {isa = PBXBuildFile; fileRef = C0BA5B99298E7ACB00230100 /* CustomConfigurationViewController.swift */; };
		C0BA5BCF298E7ACB00230100 /* AdaptiveSectionsViewController.swift in Sources */ = {isa = PBXBuildFile; fileRef = C0BA5B9C298E7ACB00230100 /* AdaptiveSectionsViewController.swift */; };
		C0BA5BD0298E7ACB00230100 /* ItemBadgeSupplementaryViewController.swift in Sources */ = {isa = PBXBuildFile; fileRef = C0BA5B9D298E7ACB00230100 /* ItemBadgeSupplementaryViewController.swift */; };
		C0BA5BD1298E7ACB00230100 /* GridViewController.swift in Sources */ = {isa = PBXBuildFile; fileRef = C0BA5B9E298E7ACB00230100 /* GridViewController.swift */; };
		C0BA5BD2298E7ACB00230100 /* SectionDecorationViewController.swift in Sources */ = {isa = PBXBuildFile; fileRef = C0BA5B9F298E7ACB00230100 /* SectionDecorationViewController.swift */; };
		C0BA5BD3298E7ACB00230100 /* TwoColumnViewController.swift in Sources */ = {isa = PBXBuildFile; fileRef = C0BA5BA0298E7ACB00230100 /* TwoColumnViewController.swift */; };
		C0BA5BD4298E7ACB00230100 /* DistinctSectionsViewController.swift in Sources */ = {isa = PBXBuildFile; fileRef = C0BA5BA1298E7ACB00230100 /* DistinctSectionsViewController.swift */; };
		C0BA5BD5298E7ACB00230100 /* SectionHeadersFootersViewController.swift in Sources */ = {isa = PBXBuildFile; fileRef = C0BA5BA2298E7ACB00230100 /* SectionHeadersFootersViewController.swift */; };
		C0BA5BD6298E7ACB00230100 /* PinnedSectionHeaderFooterViewController.swift in Sources */ = {isa = PBXBuildFile; fileRef = C0BA5BA3298E7ACB00230100 /* PinnedSectionHeaderFooterViewController.swift */; };
		C0BA5BD7298E7ACB00230100 /* InsetItemsGridViewController.swift in Sources */ = {isa = PBXBuildFile; fileRef = C0BA5BA4298E7ACB00230100 /* InsetItemsGridViewController.swift */; };
		C0BA5BD8298E7ACB00230100 /* OrthogonalScrollingViewController.swift in Sources */ = {isa = PBXBuildFile; fileRef = C0BA5BA6298E7ACB00230100 /* OrthogonalScrollingViewController.swift */; };
		C0BA5BD9298E7ACB00230100 /* OrthogonalScrollBehaviorViewController.swift in Sources */ = {isa = PBXBuildFile; fileRef = C0BA5BA7298E7ACB00230100 /* OrthogonalScrollBehaviorViewController.swift */; };
		C0BA5BDA298E7ACB00230100 /* NestedGroupsViewController.swift in Sources */ = {isa = PBXBuildFile; fileRef = C0BA5BA8298E7ACB00230100 /* NestedGroupsViewController.swift */; };
		C0BA5BDB298E7ACB00230100 /* ConferenceVideoCell.swift in Sources */ = {isa = PBXBuildFile; fileRef = C0BA5BAA298E7ACB00230100 /* ConferenceVideoCell.swift */; };
		C0BA5BDC298E7ACB00230100 /* ConferenceNewsFeedCell.swift in Sources */ = {isa = PBXBuildFile; fileRef = C0BA5BAB298E7ACB00230100 /* ConferenceNewsFeedCell.swift */; };
		C0BA5BDD298E7ACB00230100 /* ListCell.swift in Sources */ = {isa = PBXBuildFile; fileRef = C0BA5BAC298E7ACB00230100 /* ListCell.swift */; };
		C0BA5BDE298E7ACB00230100 /* BadgeSupplementrayView.swift in Sources */ = {isa = PBXBuildFile; fileRef = C0BA5BAD298E7ACB00230100 /* BadgeSupplementrayView.swift */; };
		C0BA5BDF298E7ACB00230100 /* TextCell.swift in Sources */ = {isa = PBXBuildFile; fileRef = C0BA5BAE298E7ACB00230100 /* TextCell.swift */; };
		C0BA5BE0298E7ACB00230100 /* SectionBackgroundDecorationView.swift in Sources */ = {isa = PBXBuildFile; fileRef = C0BA5BAF298E7ACB00230100 /* SectionBackgroundDecorationView.swift */; };
		C0BA5BE1298E7ACB00230100 /* TitleSupplementaryView.swift in Sources */ = {isa = PBXBuildFile; fileRef = C0BA5BB0298E7ACB00230100 /* TitleSupplementaryView.swift */; };
		C0BA5BE2298E7ACB00230100 /* ConferenceVideoSessionsViewController.swift in Sources */ = {isa = PBXBuildFile; fileRef = C0BA5BB2298E7ACB00230100 /* ConferenceVideoSessionsViewController.swift */; };
		C0BA5BE3298E7ACB00230100 /* ConferenceNewsFeedViewController.swift in Sources */ = {isa = PBXBuildFile; fileRef = C0BA5BB3298E7ACB00230100 /* ConferenceNewsFeedViewController.swift */; };
		C0BA5BE4298E7ACB00230100 /* ConferenceVideoController.swift in Sources */ = {isa = PBXBuildFile; fileRef = C0BA5BB5298E7ACB00230100 /* ConferenceVideoController.swift */; };
		C0BA5BE5298E7ACB00230100 /* ConferenceNewsController.swift in Sources */ = {isa = PBXBuildFile; fileRef = C0BA5BB6298E7ACB00230100 /* ConferenceNewsController.swift */; };
		C0BA5BE7298E7ACB00230100 /* WiFiSettingsViewController.swift in Sources */ = {isa = PBXBuildFile; fileRef = C0BA5BB9298E7ACB00230100 /* WiFiSettingsViewController.swift */; };
		C0BA5BE9298E7ACB00230100 /* MountainsRawData.swift in Sources */ = {isa = PBXBuildFile; fileRef = C0BA5BBC298E7ACB00230100 /* MountainsRawData.swift */; };
		C0BA5BEA298E7ACB00230100 /* MountainsController.swift in Sources */ = {isa = PBXBuildFile; fileRef = C0BA5BBD298E7ACB00230100 /* MountainsController.swift */; };
		C0BA5BEB298E7ACB00230100 /* WiFiController.swift in Sources */ = {isa = PBXBuildFile; fileRef = C0BA5BBE298E7ACB00230100 /* WiFiController.swift */; };
		C0BA5BEC298E7ACB00230100 /* TableViewEditingViewController.swift in Sources */ = {isa = PBXBuildFile; fileRef = C0BA5BBF298E7ACB00230100 /* TableViewEditingViewController.swift */; };
		C0BA5BED298E7ACB00230100 /* InsertionSortViewController.swift in Sources */ = {isa = PBXBuildFile; fileRef = C0BA5BC0298E7ACB00230100 /* InsertionSortViewController.swift */; };
		C0BA5BEE298E7ACB00230100 /* MountainsViewController.swift in Sources */ = {isa = PBXBuildFile; fileRef = C0BA5BC1298E7ACB00230100 /* MountainsViewController.swift */; };
		C0BA5BEF298E7ACB00230100 /* EmojiExplorerListViewController.swift in Sources */ = {isa = PBXBuildFile; fileRef = C0BA5BC3298E7ACB00230100 /* EmojiExplorerListViewController.swift */; };
		C0BA5BF0298E7ACB00230100 /* EmojiDetailViewController.swift in Sources */ = {isa = PBXBuildFile; fileRef = C0BA5BC4298E7ACB00230100 /* EmojiDetailViewController.swift */; };
		C0BA5BF1298E7ACB00230100 /* Emoji.swift in Sources */ = {isa = PBXBuildFile; fileRef = C0BA5BC5298E7ACB00230100 /* Emoji.swift */; };
		C0BA5BF2298E7ACB00230100 /* EmojiExplorerViewController.swift in Sources */ = {isa = PBXBuildFile; fileRef = C0BA5BC6298E7ACB00230100 /* EmojiExplorerViewController.swift */; };
		C0BA5BF3298E7ACB00230100 /* SimpleListViewController.swift in Sources */ = {isa = PBXBuildFile; fileRef = C0BA5BC8298E7ACB00230100 /* SimpleListViewController.swift */; };
		C0BA5BF4298E7ACB00230100 /* ReorderableListViewController.swift in Sources */ = {isa = PBXBuildFile; fileRef = C0BA5BC9298E7ACB00230100 /* ReorderableListViewController.swift */; };
		C0BA5BF5298E7ACB00230100 /* ListAppearancesViewController.swift in Sources */ = {isa = PBXBuildFile; fileRef = C0BA5BCA298E7ACB00230100 /* ListAppearancesViewController.swift */; };
		C0BA5BF6298E7ACB00230100 /* CustomCellListViewController.swift in Sources */ = {isa = PBXBuildFile; fileRef = C0BA5BCB298E7ACB00230100 /* CustomCellListViewController.swift */; };
		C0BA5BF7298E7ACB00230100 /* OutlineViewController.swift in Sources */ = {isa = PBXBuildFile; fileRef = C0BA5BCC298E7ACB00230100 /* OutlineViewController.swift */; };
		C0BA5BF9298E7D4B00230100 /* LabelCollectionCell.swift in Sources */ = {isa = PBXBuildFile; fileRef = C0BA5BF8298E7D4B00230100 /* LabelCollectionCell.swift */; };
		C0BA5BFB298E859A00230100 /* WiFiSettingsCell.swift in Sources */ = {isa = PBXBuildFile; fileRef = C0BA5BFA298E859A00230100 /* WiFiSettingsCell.swift */; };
		C0BA5C00298E9AB900230100 /* LabelTableCell.swift in Sources */ = {isa = PBXBuildFile; fileRef = C0BA5BFE298E9AB900230100 /* LabelTableCell.swift */; };
		C0BA5C01298E9AB900230100 /* LabelTableCell.xib in Resources */ = {isa = PBXBuildFile; fileRef = C0BA5BFF298E9AB900230100 /* LabelTableCell.xib */; };
		C0C98794283CB656005275CD /* CollectionUserStoryboardCell.swift in Sources */ = {isa = PBXBuildFile; fileRef = C0C98793283CB656005275CD /* CollectionUserStoryboardCell.swift */; };
		C0D545492993BEE0009E4A74 /* NewsVideoCombinedViewController.swift in Sources */ = {isa = PBXBuildFile; fileRef = C0D545482993BEE0009E4A74 /* NewsVideoCombinedViewController.swift */; };
		C0D6D3AD259AFC9000F5B3C4 /* User.swift in Sources */ = {isa = PBXBuildFile; fileRef = C0D6D3AC259AFC9000F5B3C4 /* User.swift */; };
		C0D6D3B1259AFCB600F5B3C4 /* UserCell.swift in Sources */ = {isa = PBXBuildFile; fileRef = C0D6D3AF259AFCB600F5B3C4 /* UserCell.swift */; };
		C0D6D3B2259AFCB600F5B3C4 /* UserCell.xib in Resources */ = {isa = PBXBuildFile; fileRef = C0D6D3B0259AFCB600F5B3C4 /* UserCell.xib */; };
		C0D6D3B6259AFD2800F5B3C4 /* UserViewController.swift in Sources */ = {isa = PBXBuildFile; fileRef = C0D6D3B5259AFD2800F5B3C4 /* UserViewController.swift */; };
		C0EABEC32910FA9800F4C6FB /* InsetViewController.swift in Sources */ = {isa = PBXBuildFile; fileRef = C0EABEC22910FA9800F4C6FB /* InsetViewController.swift */; };
		C0EE6B9C29914903005C8F1C /* SimpleListCell.swift in Sources */ = {isa = PBXBuildFile; fileRef = C0EE6B9B29914903005C8F1C /* SimpleListCell.swift */; };
		C0EE6B9E29914C67005C8F1C /* ReorderingListCell.swift in Sources */ = {isa = PBXBuildFile; fileRef = C0EE6B9D29914C67005C8F1C /* ReorderingListCell.swift */; };
		C0EE6BA029914E2F005C8F1C /* ItemListCell.swift in Sources */ = {isa = PBXBuildFile; fileRef = C0EE6B9F29914E2F005C8F1C /* ItemListCell.swift */; };
		C0EE6BA2299150CF005C8F1C /* CustomListCell.swift in Sources */ = {isa = PBXBuildFile; fileRef = C0EE6BA1299150CF005C8F1C /* CustomListCell.swift */; };
		C0EE6BA429915314005C8F1C /* ListAppearanceHeaderCell.swift in Sources */ = {isa = PBXBuildFile; fileRef = C0EE6BA329915314005C8F1C /* ListAppearanceHeaderCell.swift */; };
		C0EE6BA629915325005C8F1C /* ListAppearanceItemCell.swift in Sources */ = {isa = PBXBuildFile; fileRef = C0EE6BA529915325005C8F1C /* ListAppearanceItemCell.swift */; };
		C0EE6BA9299157E8005C8F1C /* CustomConfigurationCell.swift in Sources */ = {isa = PBXBuildFile; fileRef = C0EE6BA8299157E8005C8F1C /* CustomConfigurationCell.swift */; };
		C0EE6BAC29915E59005C8F1C /* EmojiListCell.swift in Sources */ = {isa = PBXBuildFile; fileRef = C0EE6BAB29915E59005C8F1C /* EmojiListCell.swift */; };
		C0EF174725A33A5A0038C5E9 /* UserListTableViewController.swift in Sources */ = {isa = PBXBuildFile; fileRef = C0EF174525A33A5A0038C5E9 /* UserListTableViewController.swift */; };
		C0EF174825A33A5A0038C5E9 /* UserListTComplexTableViewController.swift in Sources */ = {isa = PBXBuildFile; fileRef = C0EF174625A33A5A0038C5E9 /* UserListTComplexTableViewController.swift */; };
		C0EF175B25A344590038C5E9 /* LabelCollectionCell.xib in Resources */ = {isa = PBXBuildFile; fileRef = C0EF175925A344590038C5E9 /* LabelCollectionCell.xib */; };
		C0EF176125A3492E0038C5E9 /* InsertionCell.swift in Sources */ = {isa = PBXBuildFile; fileRef = C0EF176025A3492E0038C5E9 /* InsertionCell.swift */; };
		C0EF4D1C2976E647002A8C45 /* CustomNoItemView.swift in Sources */ = {isa = PBXBuildFile; fileRef = C0EF4D1B2976E647002A8C45 /* CustomNoItemView.swift */; };
		C0FDD665298FD03D0000F529 /* OutlineCell.swift in Sources */ = {isa = PBXBuildFile; fileRef = C0FDD664298FD03D0000F529 /* OutlineCell.swift */; };
		EDE400458434DA5B7B2AFB14 /* Pods_ListKit.framework in Frameworks */ = {isa = PBXBuildFile; fileRef = 85F60F513481884CC8186C9B /* Pods_ListKit.framework */; };
/* End PBXBuildFile section */

/* Begin PBXFileReference section */
		85F60F513481884CC8186C9B /* Pods_ListKit.framework */ = {isa = PBXFileReference; explicitFileType = wrapper.framework; includeInIndex = 0; path = Pods_ListKit.framework; sourceTree = BUILT_PRODUCTS_DIR; };
		AF09D68FC465E675FA2D3C6D /* Pods-ListKit.release.xcconfig */ = {isa = PBXFileReference; includeInIndex = 1; lastKnownFileType = text.xcconfig; name = "Pods-ListKit.release.xcconfig"; path = "Target Support Files/Pods-ListKit/Pods-ListKit.release.xcconfig"; sourceTree = "<group>"; };
		C0003185299A61C200B2D108 /* CustomLayoutViewController.swift */ = {isa = PBXFileReference; lastKnownFileType = sourcecode.swift; path = CustomLayoutViewController.swift; sourceTree = "<group>"; };
		C01BA2372992253B008B97EA /* EmojiCell.swift */ = {isa = PBXFileReference; lastKnownFileType = sourcecode.swift; path = EmojiCell.swift; sourceTree = "<group>"; };
		C02A49FD2996701A00E4B327 /* CreateLayoutViewController.swift */ = {isa = PBXFileReference; lastKnownFileType = sourcecode.swift; path = CreateLayoutViewController.swift; sourceTree = "<group>"; };
		C08CDB29264BAFC7006BD338 /* CollectionUserCell.swift */ = {isa = PBXFileReference; lastKnownFileType = sourcecode.swift; path = CollectionUserCell.swift; sourceTree = "<group>"; };
		C08CDB2A264BAFC7006BD338 /* CollectionUserCell.xib */ = {isa = PBXFileReference; lastKnownFileType = file.xib; path = CollectionUserCell.xib; sourceTree = "<group>"; };
		C08CDB2D264BB11A006BD338 /* UserListCollectionViewController.swift */ = {isa = PBXFileReference; lastKnownFileType = sourcecode.swift; path = UserListCollectionViewController.swift; sourceTree = "<group>"; };
		C0900A54299BDF1B00CF3BA6 /* ToStringUtility.swift */ = {isa = PBXFileReference; lastKnownFileType = sourcecode.swift; path = ToStringUtility.swift; sourceTree = "<group>"; };
		C091473A2994E34D007C2AE9 /* FooterTitleSupplementaryView.swift */ = {isa = PBXFileReference; lastKnownFileType = sourcecode.swift; path = FooterTitleSupplementaryView.swift; sourceTree = "<group>"; };
		C091473C2994E366007C2AE9 /* HeaderTitleSupplementaryView.swift */ = {isa = PBXFileReference; lastKnownFileType = sourcecode.swift; path = HeaderTitleSupplementaryView.swift; sourceTree = "<group>"; };
		C0939E8F299A16C1001823FF /* CustomLayoutCell.swift */ = {isa = PBXFileReference; lastKnownFileType = sourcecode.swift; path = CustomLayoutCell.swift; sourceTree = "<group>"; };
		C0A0D8FC259C9168008CD05F /* BookCell.swift */ = {isa = PBXFileReference; lastKnownFileType = sourcecode.swift; path = BookCell.swift; sourceTree = "<group>"; };
		C0A0D8FF259C918F008CD05F /* Book.swift */ = {isa = PBXFileReference; lastKnownFileType = sourcecode.swift; path = Book.swift; sourceTree = "<group>"; };
		C0A2AB6D259A28CA00F06BFC /* ListKit.app */ = {isa = PBXFileReference; explicitFileType = wrapper.application; includeInIndex = 0; path = ListKit.app; sourceTree = BUILT_PRODUCTS_DIR; };
		C0A2AB70259A28CA00F06BFC /* AppDelegate.swift */ = {isa = PBXFileReference; lastKnownFileType = sourcecode.swift; path = AppDelegate.swift; sourceTree = "<group>"; };
		C0A2AB72259A28CA00F06BFC /* SceneDelegate.swift */ = {isa = PBXFileReference; lastKnownFileType = sourcecode.swift; path = SceneDelegate.swift; sourceTree = "<group>"; };
		C0A2AB77259A28CA00F06BFC /* Base */ = {isa = PBXFileReference; lastKnownFileType = file.storyboard; name = Base; path = Base.lproj/Main.storyboard; sourceTree = "<group>"; };
		C0A2AB79259A28CB00F06BFC /* Assets.xcassets */ = {isa = PBXFileReference; lastKnownFileType = folder.assetcatalog; path = Assets.xcassets; sourceTree = "<group>"; };
		C0A2AB7C259A28CB00F06BFC /* Base */ = {isa = PBXFileReference; lastKnownFileType = file.storyboard; name = Base; path = Base.lproj/LaunchScreen.storyboard; sourceTree = "<group>"; };
		C0A2AB7E259A28CB00F06BFC /* Info.plist */ = {isa = PBXFileReference; lastKnownFileType = text.plist.xml; path = Info.plist; sourceTree = "<group>"; };
		C0A3CADF27513319004BE529 /* SampleCollectionReusableView.swift */ = {isa = PBXFileReference; lastKnownFileType = sourcecode.swift; path = SampleCollectionReusableView.swift; sourceTree = "<group>"; };
		C0A3CAE027513319004BE529 /* SampleCollectionReusableView.xib */ = {isa = PBXFileReference; lastKnownFileType = file.xib; path = SampleCollectionReusableView.xib; sourceTree = "<group>"; };
		C0A672982A7AFE29004EB133 /* IQSection.swift */ = {isa = PBXFileReference; lastKnownFileType = sourcecode.swift; path = IQSection.swift; sourceTree = "<group>"; };
		C0A672992A7AFE29004EB133 /* IQItem.swift */ = {isa = PBXFileReference; lastKnownFileType = sourcecode.swift; path = IQItem.swift; sourceTree = "<group>"; };
		C0A672BE2A7AFE2A004EB133 /* IQModelableSupplementaryView.swift */ = {isa = PBXFileReference; lastKnownFileType = sourcecode.swift; path = IQModelableSupplementaryView.swift; sourceTree = "<group>"; };
		C0BA5B98298E7ACB00230100 /* CustomConfigurations.swift */ = {isa = PBXFileReference; fileEncoding = 4; lastKnownFileType = sourcecode.swift; path = CustomConfigurations.swift; sourceTree = "<group>"; };
		C0BA5B99298E7ACB00230100 /* CustomConfigurationViewController.swift */ = {isa = PBXFileReference; fileEncoding = 4; lastKnownFileType = sourcecode.swift; path = CustomConfigurationViewController.swift; sourceTree = "<group>"; };
		C0BA5B9C298E7ACB00230100 /* AdaptiveSectionsViewController.swift */ = {isa = PBXFileReference; fileEncoding = 4; lastKnownFileType = sourcecode.swift; path = AdaptiveSectionsViewController.swift; sourceTree = "<group>"; };
		C0BA5B9D298E7ACB00230100 /* ItemBadgeSupplementaryViewController.swift */ = {isa = PBXFileReference; fileEncoding = 4; lastKnownFileType = sourcecode.swift; path = ItemBadgeSupplementaryViewController.swift; sourceTree = "<group>"; };
		C0BA5B9E298E7ACB00230100 /* GridViewController.swift */ = {isa = PBXFileReference; fileEncoding = 4; lastKnownFileType = sourcecode.swift; path = GridViewController.swift; sourceTree = "<group>"; };
		C0BA5B9F298E7ACB00230100 /* SectionDecorationViewController.swift */ = {isa = PBXFileReference; fileEncoding = 4; lastKnownFileType = sourcecode.swift; path = SectionDecorationViewController.swift; sourceTree = "<group>"; };
		C0BA5BA0298E7ACB00230100 /* TwoColumnViewController.swift */ = {isa = PBXFileReference; fileEncoding = 4; lastKnownFileType = sourcecode.swift; path = TwoColumnViewController.swift; sourceTree = "<group>"; };
		C0BA5BA1298E7ACB00230100 /* DistinctSectionsViewController.swift */ = {isa = PBXFileReference; fileEncoding = 4; lastKnownFileType = sourcecode.swift; path = DistinctSectionsViewController.swift; sourceTree = "<group>"; };
		C0BA5BA2298E7ACB00230100 /* SectionHeadersFootersViewController.swift */ = {isa = PBXFileReference; fileEncoding = 4; lastKnownFileType = sourcecode.swift; path = SectionHeadersFootersViewController.swift; sourceTree = "<group>"; };
		C0BA5BA3298E7ACB00230100 /* PinnedSectionHeaderFooterViewController.swift */ = {isa = PBXFileReference; fileEncoding = 4; lastKnownFileType = sourcecode.swift; path = PinnedSectionHeaderFooterViewController.swift; sourceTree = "<group>"; };
		C0BA5BA4298E7ACB00230100 /* InsetItemsGridViewController.swift */ = {isa = PBXFileReference; fileEncoding = 4; lastKnownFileType = sourcecode.swift; path = InsetItemsGridViewController.swift; sourceTree = "<group>"; };
		C0BA5BA6298E7ACB00230100 /* OrthogonalScrollingViewController.swift */ = {isa = PBXFileReference; fileEncoding = 4; lastKnownFileType = sourcecode.swift; path = OrthogonalScrollingViewController.swift; sourceTree = "<group>"; };
		C0BA5BA7298E7ACB00230100 /* OrthogonalScrollBehaviorViewController.swift */ = {isa = PBXFileReference; fileEncoding = 4; lastKnownFileType = sourcecode.swift; path = OrthogonalScrollBehaviorViewController.swift; sourceTree = "<group>"; };
		C0BA5BA8298E7ACB00230100 /* NestedGroupsViewController.swift */ = {isa = PBXFileReference; fileEncoding = 4; lastKnownFileType = sourcecode.swift; path = NestedGroupsViewController.swift; sourceTree = "<group>"; };
		C0BA5BAA298E7ACB00230100 /* ConferenceVideoCell.swift */ = {isa = PBXFileReference; fileEncoding = 4; lastKnownFileType = sourcecode.swift; path = ConferenceVideoCell.swift; sourceTree = "<group>"; };
		C0BA5BAB298E7ACB00230100 /* ConferenceNewsFeedCell.swift */ = {isa = PBXFileReference; fileEncoding = 4; lastKnownFileType = sourcecode.swift; path = ConferenceNewsFeedCell.swift; sourceTree = "<group>"; };
		C0BA5BAC298E7ACB00230100 /* ListCell.swift */ = {isa = PBXFileReference; fileEncoding = 4; lastKnownFileType = sourcecode.swift; path = ListCell.swift; sourceTree = "<group>"; };
		C0BA5BAD298E7ACB00230100 /* BadgeSupplementrayView.swift */ = {isa = PBXFileReference; fileEncoding = 4; lastKnownFileType = sourcecode.swift; path = BadgeSupplementrayView.swift; sourceTree = "<group>"; };
		C0BA5BAE298E7ACB00230100 /* TextCell.swift */ = {isa = PBXFileReference; fileEncoding = 4; lastKnownFileType = sourcecode.swift; path = TextCell.swift; sourceTree = "<group>"; };
		C0BA5BAF298E7ACB00230100 /* SectionBackgroundDecorationView.swift */ = {isa = PBXFileReference; fileEncoding = 4; lastKnownFileType = sourcecode.swift; path = SectionBackgroundDecorationView.swift; sourceTree = "<group>"; };
		C0BA5BB0298E7ACB00230100 /* TitleSupplementaryView.swift */ = {isa = PBXFileReference; fileEncoding = 4; lastKnownFileType = sourcecode.swift; path = TitleSupplementaryView.swift; sourceTree = "<group>"; };
		C0BA5BB2298E7ACB00230100 /* ConferenceVideoSessionsViewController.swift */ = {isa = PBXFileReference; fileEncoding = 4; lastKnownFileType = sourcecode.swift; path = ConferenceVideoSessionsViewController.swift; sourceTree = "<group>"; };
		C0BA5BB3298E7ACB00230100 /* ConferenceNewsFeedViewController.swift */ = {isa = PBXFileReference; fileEncoding = 4; lastKnownFileType = sourcecode.swift; path = ConferenceNewsFeedViewController.swift; sourceTree = "<group>"; };
		C0BA5BB5298E7ACB00230100 /* ConferenceVideoController.swift */ = {isa = PBXFileReference; fileEncoding = 4; lastKnownFileType = sourcecode.swift; path = ConferenceVideoController.swift; sourceTree = "<group>"; };
		C0BA5BB6298E7ACB00230100 /* ConferenceNewsController.swift */ = {isa = PBXFileReference; fileEncoding = 4; lastKnownFileType = sourcecode.swift; path = ConferenceNewsController.swift; sourceTree = "<group>"; };
		C0BA5BB9298E7ACB00230100 /* WiFiSettingsViewController.swift */ = {isa = PBXFileReference; fileEncoding = 4; lastKnownFileType = sourcecode.swift; path = WiFiSettingsViewController.swift; sourceTree = "<group>"; };
		C0BA5BBC298E7ACB00230100 /* MountainsRawData.swift */ = {isa = PBXFileReference; fileEncoding = 4; lastKnownFileType = sourcecode.swift; path = MountainsRawData.swift; sourceTree = "<group>"; };
		C0BA5BBD298E7ACB00230100 /* MountainsController.swift */ = {isa = PBXFileReference; fileEncoding = 4; lastKnownFileType = sourcecode.swift; path = MountainsController.swift; sourceTree = "<group>"; };
		C0BA5BBE298E7ACB00230100 /* WiFiController.swift */ = {isa = PBXFileReference; fileEncoding = 4; lastKnownFileType = sourcecode.swift; path = WiFiController.swift; sourceTree = "<group>"; };
		C0BA5BBF298E7ACB00230100 /* TableViewEditingViewController.swift */ = {isa = PBXFileReference; fileEncoding = 4; lastKnownFileType = sourcecode.swift; path = TableViewEditingViewController.swift; sourceTree = "<group>"; };
		C0BA5BC0298E7ACB00230100 /* InsertionSortViewController.swift */ = {isa = PBXFileReference; fileEncoding = 4; lastKnownFileType = sourcecode.swift; path = InsertionSortViewController.swift; sourceTree = "<group>"; };
		C0BA5BC1298E7ACB00230100 /* MountainsViewController.swift */ = {isa = PBXFileReference; fileEncoding = 4; lastKnownFileType = sourcecode.swift; path = MountainsViewController.swift; sourceTree = "<group>"; };
		C0BA5BC3298E7ACB00230100 /* EmojiExplorerListViewController.swift */ = {isa = PBXFileReference; fileEncoding = 4; lastKnownFileType = sourcecode.swift; path = EmojiExplorerListViewController.swift; sourceTree = "<group>"; };
		C0BA5BC4298E7ACB00230100 /* EmojiDetailViewController.swift */ = {isa = PBXFileReference; fileEncoding = 4; lastKnownFileType = sourcecode.swift; path = EmojiDetailViewController.swift; sourceTree = "<group>"; };
		C0BA5BC5298E7ACB00230100 /* Emoji.swift */ = {isa = PBXFileReference; fileEncoding = 4; lastKnownFileType = sourcecode.swift; path = Emoji.swift; sourceTree = "<group>"; };
		C0BA5BC6298E7ACB00230100 /* EmojiExplorerViewController.swift */ = {isa = PBXFileReference; fileEncoding = 4; lastKnownFileType = sourcecode.swift; path = EmojiExplorerViewController.swift; sourceTree = "<group>"; };
		C0BA5BC8298E7ACB00230100 /* SimpleListViewController.swift */ = {isa = PBXFileReference; fileEncoding = 4; lastKnownFileType = sourcecode.swift; path = SimpleListViewController.swift; sourceTree = "<group>"; };
		C0BA5BC9298E7ACB00230100 /* ReorderableListViewController.swift */ = {isa = PBXFileReference; fileEncoding = 4; lastKnownFileType = sourcecode.swift; path = ReorderableListViewController.swift; sourceTree = "<group>"; };
		C0BA5BCA298E7ACB00230100 /* ListAppearancesViewController.swift */ = {isa = PBXFileReference; fileEncoding = 4; lastKnownFileType = sourcecode.swift; path = ListAppearancesViewController.swift; sourceTree = "<group>"; };
		C0BA5BCB298E7ACB00230100 /* CustomCellListViewController.swift */ = {isa = PBXFileReference; fileEncoding = 4; lastKnownFileType = sourcecode.swift; path = CustomCellListViewController.swift; sourceTree = "<group>"; };
		C0BA5BCC298E7ACB00230100 /* OutlineViewController.swift */ = {isa = PBXFileReference; fileEncoding = 4; lastKnownFileType = sourcecode.swift; path = OutlineViewController.swift; sourceTree = "<group>"; };
		C0BA5BF8298E7D4B00230100 /* LabelCollectionCell.swift */ = {isa = PBXFileReference; fileEncoding = 4; lastKnownFileType = sourcecode.swift; path = LabelCollectionCell.swift; sourceTree = "<group>"; };
		C0BA5BFA298E859A00230100 /* WiFiSettingsCell.swift */ = {isa = PBXFileReference; lastKnownFileType = sourcecode.swift; path = WiFiSettingsCell.swift; sourceTree = "<group>"; };
		C0BA5BFE298E9AB900230100 /* LabelTableCell.swift */ = {isa = PBXFileReference; lastKnownFileType = sourcecode.swift; path = LabelTableCell.swift; sourceTree = "<group>"; };
		C0BA5BFF298E9AB900230100 /* LabelTableCell.xib */ = {isa = PBXFileReference; lastKnownFileType = file.xib; path = LabelTableCell.xib; sourceTree = "<group>"; };
		C0C98793283CB656005275CD /* CollectionUserStoryboardCell.swift */ = {isa = PBXFileReference; lastKnownFileType = sourcecode.swift; path = CollectionUserStoryboardCell.swift; sourceTree = "<group>"; };
		C0D545482993BEE0009E4A74 /* NewsVideoCombinedViewController.swift */ = {isa = PBXFileReference; lastKnownFileType = sourcecode.swift; path = NewsVideoCombinedViewController.swift; sourceTree = "<group>"; };
		C0D6D3AC259AFC9000F5B3C4 /* User.swift */ = {isa = PBXFileReference; lastKnownFileType = sourcecode.swift; path = User.swift; sourceTree = "<group>"; };
		C0D6D3AF259AFCB600F5B3C4 /* UserCell.swift */ = {isa = PBXFileReference; fileEncoding = 4; lastKnownFileType = sourcecode.swift; path = UserCell.swift; sourceTree = "<group>"; };
		C0D6D3B0259AFCB600F5B3C4 /* UserCell.xib */ = {isa = PBXFileReference; fileEncoding = 4; lastKnownFileType = file.xib; path = UserCell.xib; sourceTree = "<group>"; };
		C0D6D3B5259AFD2800F5B3C4 /* UserViewController.swift */ = {isa = PBXFileReference; lastKnownFileType = sourcecode.swift; path = UserViewController.swift; sourceTree = "<group>"; };
		C0EABEC22910FA9800F4C6FB /* InsetViewController.swift */ = {isa = PBXFileReference; lastKnownFileType = sourcecode.swift; path = InsetViewController.swift; sourceTree = "<group>"; };
		C0EE6B9B29914903005C8F1C /* SimpleListCell.swift */ = {isa = PBXFileReference; lastKnownFileType = sourcecode.swift; path = SimpleListCell.swift; sourceTree = "<group>"; };
		C0EE6B9D29914C67005C8F1C /* ReorderingListCell.swift */ = {isa = PBXFileReference; lastKnownFileType = sourcecode.swift; path = ReorderingListCell.swift; sourceTree = "<group>"; };
		C0EE6B9F29914E2F005C8F1C /* ItemListCell.swift */ = {isa = PBXFileReference; lastKnownFileType = sourcecode.swift; path = ItemListCell.swift; sourceTree = "<group>"; };
		C0EE6BA1299150CF005C8F1C /* CustomListCell.swift */ = {isa = PBXFileReference; lastKnownFileType = sourcecode.swift; path = CustomListCell.swift; sourceTree = "<group>"; };
		C0EE6BA329915314005C8F1C /* ListAppearanceHeaderCell.swift */ = {isa = PBXFileReference; lastKnownFileType = sourcecode.swift; path = ListAppearanceHeaderCell.swift; sourceTree = "<group>"; };
		C0EE6BA529915325005C8F1C /* ListAppearanceItemCell.swift */ = {isa = PBXFileReference; lastKnownFileType = sourcecode.swift; path = ListAppearanceItemCell.swift; sourceTree = "<group>"; };
		C0EE6BA8299157E8005C8F1C /* CustomConfigurationCell.swift */ = {isa = PBXFileReference; lastKnownFileType = sourcecode.swift; path = CustomConfigurationCell.swift; sourceTree = "<group>"; };
		C0EE6BAB29915E59005C8F1C /* EmojiListCell.swift */ = {isa = PBXFileReference; lastKnownFileType = sourcecode.swift; path = EmojiListCell.swift; sourceTree = "<group>"; };
		C0EF174525A33A5A0038C5E9 /* UserListTableViewController.swift */ = {isa = PBXFileReference; fileEncoding = 4; lastKnownFileType = sourcecode.swift; path = UserListTableViewController.swift; sourceTree = "<group>"; };
		C0EF174625A33A5A0038C5E9 /* UserListTComplexTableViewController.swift */ = {isa = PBXFileReference; fileEncoding = 4; lastKnownFileType = sourcecode.swift; path = UserListTComplexTableViewController.swift; sourceTree = "<group>"; };
		C0EF175925A344590038C5E9 /* LabelCollectionCell.xib */ = {isa = PBXFileReference; fileEncoding = 4; lastKnownFileType = file.xib; path = LabelCollectionCell.xib; sourceTree = "<group>"; };
		C0EF176025A3492E0038C5E9 /* InsertionCell.swift */ = {isa = PBXFileReference; lastKnownFileType = sourcecode.swift; path = InsertionCell.swift; sourceTree = "<group>"; };
		C0EF4D1B2976E647002A8C45 /* CustomNoItemView.swift */ = {isa = PBXFileReference; lastKnownFileType = sourcecode.swift; path = CustomNoItemView.swift; sourceTree = "<group>"; };
		C0FDD664298FD03D0000F529 /* OutlineCell.swift */ = {isa = PBXFileReference; lastKnownFileType = sourcecode.swift; path = OutlineCell.swift; sourceTree = "<group>"; };
		D563E2C3209E4C9AC7948C3B /* Pods-ListKit.debug.xcconfig */ = {isa = PBXFileReference; includeInIndex = 1; lastKnownFileType = text.xcconfig; name = "Pods-ListKit.debug.xcconfig"; path = "Target Support Files/Pods-ListKit/Pods-ListKit.debug.xcconfig"; sourceTree = "<group>"; };
/* End PBXFileReference section */

/* Begin PBXFrameworksBuildPhase section */
		C0A2AB6A259A28CA00F06BFC /* Frameworks */ = {
			isa = PBXFrameworksBuildPhase;
			buildActionMask = 2147483647;
			files = (
				EDE400458434DA5B7B2AFB14 /* Pods_ListKit.framework in Frameworks */,
			);
			runOnlyForDeploymentPostprocessing = 0;
		};
/* End PBXFrameworksBuildPhase section */

/* Begin PBXGroup section */
		C0003184299A618A00B2D108 /* Create Layout */ = {
			isa = PBXGroup;
			children = (
				C0939E8F299A16C1001823FF /* CustomLayoutCell.swift */,
				C02A49FD2996701A00E4B327 /* CreateLayoutViewController.swift */,
				C0003185299A61C200B2D108 /* CustomLayoutViewController.swift */,
				C0900A54299BDF1B00CF3BA6 /* ToStringUtility.swift */,
			);
			path = "Create Layout";
			sourceTree = "<group>";
		};
		C08CDB28264BAF9E006BD338 /* CollectionCell */ = {
			isa = PBXGroup;
			children = (
				C08CDB29264BAFC7006BD338 /* CollectionUserCell.swift */,
				C08CDB2A264BAFC7006BD338 /* CollectionUserCell.xib */,
				C0A3CADF27513319004BE529 /* SampleCollectionReusableView.swift */,
				C0A3CAE027513319004BE529 /* SampleCollectionReusableView.xib */,
				C0C98793283CB656005275CD /* CollectionUserStoryboardCell.swift */,
			);
			path = CollectionCell;
			sourceTree = "<group>";
		};
		C0A2AB64259A28CA00F06BFC = {
			isa = PBXGroup;
			children = (
				C0A672972A7AFE29004EB133 /* Model */,
				C0A672BD2A7AFE2A004EB133 /* Supplementary Element Protocol */,
				C0A2AB6F259A28CA00F06BFC /* ListKit */,
				C0EF175425A343EF0038C5E9 /* Resources */,
				C0A2AB6E259A28CA00F06BFC /* Products */,
				FF93DAED50DF13F2ED7B9D83 /* Pods */,
				FEBEB64F669C7A7AEBBDCEF1 /* Frameworks */,
			);
			sourceTree = "<group>";
		};
		C0A2AB6E259A28CA00F06BFC /* Products */ = {
			isa = PBXGroup;
			children = (
				C0A2AB6D259A28CA00F06BFC /* ListKit.app */,
			);
			name = Products;
			sourceTree = "<group>";
		};
		C0A2AB6F259A28CA00F06BFC /* ListKit */ = {
			isa = PBXGroup;
			children = (
				C0BA5B96298E7AA900230100 /* Modern CollectionView */,
				C0EF4D1A2976E635002A8C45 /* Views */,
				C08CDB28264BAF9E006BD338 /* CollectionCell */,
				C0D6D3AB259AFC8700F5B3C4 /* Cell */,
				C0D6D3AA259AFC8000F5B3C4 /* Model */,
				C0A2AB70259A28CA00F06BFC /* AppDelegate.swift */,
				C0A2AB72259A28CA00F06BFC /* SceneDelegate.swift */,
				C0EF174525A33A5A0038C5E9 /* UserListTableViewController.swift */,
				C0EF174625A33A5A0038C5E9 /* UserListTComplexTableViewController.swift */,
				C08CDB2D264BB11A006BD338 /* UserListCollectionViewController.swift */,
				C0D6D3B5259AFD2800F5B3C4 /* UserViewController.swift */,
				C0EABEC22910FA9800F4C6FB /* InsetViewController.swift */,
				C0A2AB76259A28CA00F06BFC /* Main.storyboard */,
				C0A2AB79259A28CB00F06BFC /* Assets.xcassets */,
				C0A2AB7B259A28CB00F06BFC /* LaunchScreen.storyboard */,
				C0A2AB7E259A28CB00F06BFC /* Info.plist */,
			);
			path = ListKit;
			sourceTree = "<group>";
		};
		C0A672972A7AFE29004EB133 /* Model */ = {
			isa = PBXGroup;
			children = (
				C0A672982A7AFE29004EB133 /* IQSection.swift */,
				C0A672992A7AFE29004EB133 /* IQItem.swift */,
			);
			name = Model;
			path = IQListKit/Model;
			sourceTree = "<group>";
		};
		C0A672BD2A7AFE2A004EB133 /* Supplementary Element Protocol */ = {
			isa = PBXGroup;
			children = (
				C0A672BE2A7AFE2A004EB133 /* IQModelableSupplementaryView.swift */,
			);
			name = "Supplementary Element Protocol";
			path = "IQListKit/Supplementary Element Protocol";
			sourceTree = "<group>";
		};
		C0BA5B96298E7AA900230100 /* Modern CollectionView */ = {
			isa = PBXGroup;
			children = (
				C0BA5B9A298E7ACB00230100 /* Compositional Layout */,
				C0BA5BB8298E7ACB00230100 /* Diffable */,
				C0BA5BC7298E7ACB00230100 /* Lists */,
				C0BA5BC2298E7ACB00230100 /* Outline */,
				C0BA5B97298E7ACB00230100 /* Cell Configurations */,
				C0003184299A618A00B2D108 /* Create Layout */,
				C0FDD664298FD03D0000F529 /* OutlineCell.swift */,
				C0BA5BCC298E7ACB00230100 /* OutlineViewController.swift */,
			);
			path = "Modern CollectionView";
			sourceTree = "<group>";
		};
		C0BA5B97298E7ACB00230100 /* Cell Configurations */ = {
			isa = PBXGroup;
			children = (
				C0EE6BA7299157DB005C8F1C /* Cell */,
				C0BA5B98298E7ACB00230100 /* CustomConfigurations.swift */,
				C0BA5B99298E7ACB00230100 /* CustomConfigurationViewController.swift */,
			);
			path = "Cell Configurations";
			sourceTree = "<group>";
		};
		C0BA5B9A298E7ACB00230100 /* Compositional Layout */ = {
			isa = PBXGroup;
			children = (
				C0C5E8ED2990D39A00705A16 /* Getting Started */,
				C0C5E8EF2990D4F900705A16 /* Advanced Layout */,
				C0BA5BB1298E7ACB00230100 /* Conference App */,
				C0BA5BA9298E7ACB00230100 /* Cells and Supplementary Views */,
			);
			path = "Compositional Layout";
			sourceTree = "<group>";
		};
		C0BA5BA5298E7ACB00230100 /* Orthogonal Sections */ = {
			isa = PBXGroup;
			children = (
				C0BA5BA6298E7ACB00230100 /* OrthogonalScrollingViewController.swift */,
				C0BA5BA7298E7ACB00230100 /* OrthogonalScrollBehaviorViewController.swift */,
			);
			path = "Orthogonal Sections";
			sourceTree = "<group>";
		};
		C0BA5BA9298E7ACB00230100 /* Cells and Supplementary Views */ = {
			isa = PBXGroup;
			children = (
				C0BA5BAC298E7ACB00230100 /* ListCell.swift */,
				C0BA5BAE298E7ACB00230100 /* TextCell.swift */,
				C0BA5BB0298E7ACB00230100 /* TitleSupplementaryView.swift */,
				C091473C2994E366007C2AE9 /* HeaderTitleSupplementaryView.swift */,
				C091473A2994E34D007C2AE9 /* FooterTitleSupplementaryView.swift */,
			);
			path = "Cells and Supplementary Views";
			sourceTree = "<group>";
		};
		C0BA5BB1298E7ACB00230100 /* Conference App */ = {
			isa = PBXGroup;
			children = (
				C0C5E8F12990D56900705A16 /* Cell */,
				C0BA5BB5298E7ACB00230100 /* ConferenceVideoController.swift */,
				C0BA5BB2298E7ACB00230100 /* ConferenceVideoSessionsViewController.swift */,
				C0BA5BB6298E7ACB00230100 /* ConferenceNewsController.swift */,
				C0BA5BB3298E7ACB00230100 /* ConferenceNewsFeedViewController.swift */,
				C0D545482993BEE0009E4A74 /* NewsVideoCombinedViewController.swift */,
			);
			path = "Conference App";
			sourceTree = "<group>";
		};
		C0BA5BB8298E7ACB00230100 /* Diffable */ = {
			isa = PBXGroup;
			children = (
				C0BA5BBA298E7ACB00230100 /* Cells And Supplementary Views */,
				C0BA5BBE298E7ACB00230100 /* WiFiController.swift */,
				C0BA5BB9298E7ACB00230100 /* WiFiSettingsViewController.swift */,
				C0BA5BBC298E7ACB00230100 /* MountainsRawData.swift */,
				C0BA5BBD298E7ACB00230100 /* MountainsController.swift */,
				C0BA5BC1298E7ACB00230100 /* MountainsViewController.swift */,
				C0BA5BBF298E7ACB00230100 /* TableViewEditingViewController.swift */,
				C0BA5BC0298E7ACB00230100 /* InsertionSortViewController.swift */,
			);
			path = Diffable;
			sourceTree = "<group>";
		};
		C0BA5BBA298E7ACB00230100 /* Cells And Supplementary Views */ = {
			isa = PBXGroup;
			children = (
				C0BA5BF8298E7D4B00230100 /* LabelCollectionCell.swift */,
				C0EF175925A344590038C5E9 /* LabelCollectionCell.xib */,
				C0BA5BFE298E9AB900230100 /* LabelTableCell.swift */,
				C0BA5BFF298E9AB900230100 /* LabelTableCell.xib */,
				C0BA5BFA298E859A00230100 /* WiFiSettingsCell.swift */,
				C0EF176025A3492E0038C5E9 /* InsertionCell.swift */,
			);
			path = "Cells And Supplementary Views";
			sourceTree = "<group>";
		};
		C0BA5BC2298E7ACB00230100 /* Outline */ = {
			isa = PBXGroup;
			children = (
				C0EE6BAA29915E47005C8F1C /* Cell */,
				C0BA5BC5298E7ACB00230100 /* Emoji.swift */,
				C0BA5BC3298E7ACB00230100 /* EmojiExplorerListViewController.swift */,
				C0BA5BC6298E7ACB00230100 /* EmojiExplorerViewController.swift */,
				C0BA5BC4298E7ACB00230100 /* EmojiDetailViewController.swift */,
			);
			path = Outline;
			sourceTree = "<group>";
		};
		C0BA5BC7298E7ACB00230100 /* Lists */ = {
			isa = PBXGroup;
			children = (
				C0EE6B9A299148EA005C8F1C /* Cell */,
				C0BA5BC8298E7ACB00230100 /* SimpleListViewController.swift */,
				C0BA5BC9298E7ACB00230100 /* ReorderableListViewController.swift */,
				C0BA5BCA298E7ACB00230100 /* ListAppearancesViewController.swift */,
				C0BA5BCB298E7ACB00230100 /* CustomCellListViewController.swift */,
			);
			path = Lists;
			sourceTree = "<group>";
		};
		C0C5E8ED2990D39A00705A16 /* Getting Started */ = {
			isa = PBXGroup;
			children = (
				C0C5E8EE2990D4D500705A16 /* Pre Section Layout */,
				C0BA5B9E298E7ACB00230100 /* GridViewController.swift */,
				C0BA5BA4298E7ACB00230100 /* InsetItemsGridViewController.swift */,
				C0BA5BA0298E7ACB00230100 /* TwoColumnViewController.swift */,
			);
			path = "Getting Started";
			sourceTree = "<group>";
		};
		C0C5E8EE2990D4D500705A16 /* Pre Section Layout */ = {
			isa = PBXGroup;
			children = (
				C0BA5BA1298E7ACB00230100 /* DistinctSectionsViewController.swift */,
				C0BA5B9C298E7ACB00230100 /* AdaptiveSectionsViewController.swift */,
			);
			path = "Pre Section Layout";
			sourceTree = "<group>";
		};
		C0C5E8EF2990D4F900705A16 /* Advanced Layout */ = {
			isa = PBXGroup;
			children = (
				C0C5E8F32990D5CC00705A16 /* Cell */,
				C0C5E8F02990D50500705A16 /* Supplementary Views */,
				C0BA5BA5298E7ACB00230100 /* Orthogonal Sections */,
				C0BA5B9F298E7ACB00230100 /* SectionDecorationViewController.swift */,
				C0BA5BA8298E7ACB00230100 /* NestedGroupsViewController.swift */,
			);
			path = "Advanced Layout";
			sourceTree = "<group>";
		};
		C0C5E8F02990D50500705A16 /* Supplementary Views */ = {
			isa = PBXGroup;
			children = (
				C0C5E8F22990D5BF00705A16 /* Cell */,
				C0BA5B9D298E7ACB00230100 /* ItemBadgeSupplementaryViewController.swift */,
				C0BA5BA2298E7ACB00230100 /* SectionHeadersFootersViewController.swift */,
				C0BA5BA3298E7ACB00230100 /* PinnedSectionHeaderFooterViewController.swift */,
			);
			path = "Supplementary Views";
			sourceTree = "<group>";
		};
		C0C5E8F12990D56900705A16 /* Cell */ = {
			isa = PBXGroup;
			children = (
				C0BA5BAA298E7ACB00230100 /* ConferenceVideoCell.swift */,
				C0BA5BAB298E7ACB00230100 /* ConferenceNewsFeedCell.swift */,
			);
			path = Cell;
			sourceTree = "<group>";
		};
		C0C5E8F22990D5BF00705A16 /* Cell */ = {
			isa = PBXGroup;
			children = (
				C0BA5BAD298E7ACB00230100 /* BadgeSupplementrayView.swift */,
			);
			path = Cell;
			sourceTree = "<group>";
		};
		C0C5E8F32990D5CC00705A16 /* Cell */ = {
			isa = PBXGroup;
			children = (
				C0BA5BAF298E7ACB00230100 /* SectionBackgroundDecorationView.swift */,
			);
			path = Cell;
			sourceTree = "<group>";
		};
		C0D6D3AA259AFC8000F5B3C4 /* Model */ = {
			isa = PBXGroup;
			children = (
				C0D6D3AC259AFC9000F5B3C4 /* User.swift */,
				C0A0D8FF259C918F008CD05F /* Book.swift */,
			);
			path = Model;
			sourceTree = "<group>";
		};
		C0D6D3AB259AFC8700F5B3C4 /* Cell */ = {
			isa = PBXGroup;
			children = (
				C0D6D3AF259AFCB600F5B3C4 /* UserCell.swift */,
				C0D6D3B0259AFCB600F5B3C4 /* UserCell.xib */,
				C0A0D8FC259C9168008CD05F /* BookCell.swift */,
			);
			path = Cell;
			sourceTree = "<group>";
		};
		C0EE6B9A299148EA005C8F1C /* Cell */ = {
			isa = PBXGroup;
			children = (
				C0EE6B9B29914903005C8F1C /* SimpleListCell.swift */,
				C0EE6B9D29914C67005C8F1C /* ReorderingListCell.swift */,
				C0EE6B9F29914E2F005C8F1C /* ItemListCell.swift */,
				C0EE6BA1299150CF005C8F1C /* CustomListCell.swift */,
				C0EE6BA329915314005C8F1C /* ListAppearanceHeaderCell.swift */,
				C0EE6BA529915325005C8F1C /* ListAppearanceItemCell.swift */,
			);
			path = Cell;
			sourceTree = "<group>";
		};
		C0EE6BA7299157DB005C8F1C /* Cell */ = {
			isa = PBXGroup;
			children = (
				C0EE6BA8299157E8005C8F1C /* CustomConfigurationCell.swift */,
			);
			path = Cell;
			sourceTree = "<group>";
		};
		C0EE6BAA29915E47005C8F1C /* Cell */ = {
			isa = PBXGroup;
			children = (
				C0EE6BAB29915E59005C8F1C /* EmojiListCell.swift */,
				C01BA2372992253B008B97EA /* EmojiCell.swift */,
			);
			path = Cell;
			sourceTree = "<group>";
		};
		C0EF175425A343EF0038C5E9 /* Resources */ = {
			isa = PBXGroup;
			children = (
			);
			path = Resources;
			sourceTree = "<group>";
		};
		C0EF4D1A2976E635002A8C45 /* Views */ = {
			isa = PBXGroup;
			children = (
				C0EF4D1B2976E647002A8C45 /* CustomNoItemView.swift */,
			);
			path = Views;
			sourceTree = "<group>";
		};
		FEBEB64F669C7A7AEBBDCEF1 /* Frameworks */ = {
			isa = PBXGroup;
			children = (
				85F60F513481884CC8186C9B /* Pods_ListKit.framework */,
			);
			name = Frameworks;
			sourceTree = "<group>";
		};
		FF93DAED50DF13F2ED7B9D83 /* Pods */ = {
			isa = PBXGroup;
			children = (
				D563E2C3209E4C9AC7948C3B /* Pods-ListKit.debug.xcconfig */,
				AF09D68FC465E675FA2D3C6D /* Pods-ListKit.release.xcconfig */,
			);
			path = Pods;
			sourceTree = "<group>";
		};
/* End PBXGroup section */

/* Begin PBXNativeTarget section */
		C0A2AB6C259A28CA00F06BFC /* ListKit */ = {
			isa = PBXNativeTarget;
			buildConfigurationList = C0A2AB81259A28CB00F06BFC /* Build configuration list for PBXNativeTarget "ListKit" */;
			buildPhases = (
				B42385CF614534C3F07D9387 /* [CP] Check Pods Manifest.lock */,
				C0A2AB69259A28CA00F06BFC /* Sources */,
				C0D6D3DB259B059100F5B3C4 /* SwiftLint Run Script */,
				C0A2AB6A259A28CA00F06BFC /* Frameworks */,
				C0A2AB6B259A28CA00F06BFC /* Resources */,
				9B6EBE447E36FCFE8EF51F34 /* [CP] Embed Pods Frameworks */,
			);
			buildRules = (
			);
			dependencies = (
			);
			name = ListKit;
			productName = ListKit;
			productReference = C0A2AB6D259A28CA00F06BFC /* ListKit.app */;
			productType = "com.apple.product-type.application";
		};
/* End PBXNativeTarget section */

/* Begin PBXProject section */
		C0A2AB65259A28CA00F06BFC /* Project object */ = {
			isa = PBXProject;
			attributes = {
				LastSwiftUpdateCheck = 1220;
				LastUpgradeCheck = 1240;
				TargetAttributes = {
					C0A2AB6C259A28CA00F06BFC = {
						CreatedOnToolsVersion = 12.2;
					};
				};
			};
			buildConfigurationList = C0A2AB68259A28CA00F06BFC /* Build configuration list for PBXProject "ListKit" */;
			compatibilityVersion = "Xcode 9.3";
			developmentRegion = en;
			hasScannedForEncodings = 0;
			knownRegions = (
				en,
				Base,
			);
			mainGroup = C0A2AB64259A28CA00F06BFC;
			productRefGroup = C0A2AB6E259A28CA00F06BFC /* Products */;
			projectDirPath = "";
			projectRoot = "";
			targets = (
				C0A2AB6C259A28CA00F06BFC /* ListKit */,
			);
		};
/* End PBXProject section */

/* Begin PBXResourcesBuildPhase section */
		C0A2AB6B259A28CA00F06BFC /* Resources */ = {
			isa = PBXResourcesBuildPhase;
			buildActionMask = 2147483647;
			files = (
				C08CDB2C264BAFC7006BD338 /* CollectionUserCell.xib in Resources */,
				C0D6D3B2259AFCB600F5B3C4 /* UserCell.xib in Resources */,
				C0A2AB7D259A28CB00F06BFC /* LaunchScreen.storyboard in Resources */,
				C0BA5C01298E9AB900230100 /* LabelTableCell.xib in Resources */,
				C0A2AB7A259A28CB00F06BFC /* Assets.xcassets in Resources */,
				C0A3CAE227513319004BE529 /* SampleCollectionReusableView.xib in Resources */,
				C0EF175B25A344590038C5E9 /* LabelCollectionCell.xib in Resources */,
				C0A2AB78259A28CA00F06BFC /* Main.storyboard in Resources */,
			);
			runOnlyForDeploymentPostprocessing = 0;
		};
/* End PBXResourcesBuildPhase section */

/* Begin PBXShellScriptBuildPhase section */
		9B6EBE447E36FCFE8EF51F34 /* [CP] Embed Pods Frameworks */ = {
			isa = PBXShellScriptBuildPhase;
			buildActionMask = 2147483647;
			files = (
			);
			inputFileListPaths = (
				"${PODS_ROOT}/Target Support Files/Pods-ListKit/Pods-ListKit-frameworks-${CONFIGURATION}-input-files.xcfilelist",
			);
			name = "[CP] Embed Pods Frameworks";
			outputFileListPaths = (
				"${PODS_ROOT}/Target Support Files/Pods-ListKit/Pods-ListKit-frameworks-${CONFIGURATION}-output-files.xcfilelist",
			);
			runOnlyForDeploymentPostprocessing = 0;
			shellPath = /bin/sh;
			shellScript = "\"${PODS_ROOT}/Target Support Files/Pods-ListKit/Pods-ListKit-frameworks.sh\"\n";
			showEnvVarsInLog = 0;
		};
		B42385CF614534C3F07D9387 /* [CP] Check Pods Manifest.lock */ = {
			isa = PBXShellScriptBuildPhase;
			buildActionMask = 2147483647;
			files = (
			);
			inputFileListPaths = (
			);
			inputPaths = (
				"${PODS_PODFILE_DIR_PATH}/Podfile.lock",
				"${PODS_ROOT}/Manifest.lock",
			);
			name = "[CP] Check Pods Manifest.lock";
			outputFileListPaths = (
			);
			outputPaths = (
				"$(DERIVED_FILE_DIR)/Pods-ListKit-checkManifestLockResult.txt",
			);
			runOnlyForDeploymentPostprocessing = 0;
			shellPath = /bin/sh;
			shellScript = "diff \"${PODS_PODFILE_DIR_PATH}/Podfile.lock\" \"${PODS_ROOT}/Manifest.lock\" > /dev/null\nif [ $? != 0 ] ; then\n    # print error to STDERR\n    echo \"error: The sandbox is not in sync with the Podfile.lock. Run 'pod install' or update your CocoaPods installation.\" >&2\n    exit 1\nfi\n# This output is used by Xcode 'outputs' to avoid re-running this script phase.\necho \"SUCCESS\" > \"${SCRIPT_OUTPUT_FILE_0}\"\n";
			showEnvVarsInLog = 0;
		};
		C0D6D3DB259B059100F5B3C4 /* SwiftLint Run Script */ = {
			isa = PBXShellScriptBuildPhase;
			buildActionMask = 2147483647;
			files = (
			);
			inputFileListPaths = (
			);
			inputPaths = (
			);
			name = "SwiftLint Run Script";
			outputFileListPaths = (
			);
			outputPaths = (
			);
			runOnlyForDeploymentPostprocessing = 0;
			shellPath = /bin/sh;
			shellScript = "#if [ $CONFIGURATION == 'Debug' ]; then\n#  \"${PODS_ROOT}/SwiftLint/swiftlint\"\n#else\n#  echo \"Not running SwiftLint/swiftlint because we are building for release\"\n#fi\n";
		};
/* End PBXShellScriptBuildPhase section */

/* Begin PBXSourcesBuildPhase section */
		C0A2AB69259A28CA00F06BFC /* Sources */ = {
			isa = PBXSourcesBuildPhase;
			buildActionMask = 2147483647;
			files = (
				C0900A55299BDF1B00CF3BA6 /* ToStringUtility.swift in Sources */,
				C0BA5BD3298E7ACB00230100 /* TwoColumnViewController.swift in Sources */,
				C0BA5BEB298E7ACB00230100 /* WiFiController.swift in Sources */,
				C0003186299A61C200B2D108 /* CustomLayoutViewController.swift in Sources */,
				C091473B2994E34D007C2AE9 /* FooterTitleSupplementaryView.swift in Sources */,
				C0A0D900259C918F008CD05F /* Book.swift in Sources */,
				C0BA5BD6298E7ACB00230100 /* PinnedSectionHeaderFooterViewController.swift in Sources */,
				C0BA5BEF298E7ACB00230100 /* EmojiExplorerListViewController.swift in Sources */,
				C0FDD665298FD03D0000F529 /* OutlineCell.swift in Sources */,
				C0BA5BED298E7ACB00230100 /* InsertionSortViewController.swift in Sources */,
				C0BA5BF3298E7ACB00230100 /* SimpleListViewController.swift in Sources */,
				C0EE6BA429915314005C8F1C /* ListAppearanceHeaderCell.swift in Sources */,
				C0D6D3AD259AFC9000F5B3C4 /* User.swift in Sources */,
				C0BA5BF0298E7ACB00230100 /* EmojiDetailViewController.swift in Sources */,
				C0BA5BD2298E7ACB00230100 /* SectionDecorationViewController.swift in Sources */,
				C0EE6BA2299150CF005C8F1C /* CustomListCell.swift in Sources */,
				C0EE6BAC29915E59005C8F1C /* EmojiListCell.swift in Sources */,
				C0D6D3B6259AFD2800F5B3C4 /* UserViewController.swift in Sources */,
				C08CDB2B264BAFC7006BD338 /* CollectionUserCell.swift in Sources */,
				C0BA5BF2298E7ACB00230100 /* EmojiExplorerViewController.swift in Sources */,
				C0BA5BE9298E7ACB00230100 /* MountainsRawData.swift in Sources */,
				C0BA5BDF298E7ACB00230100 /* TextCell.swift in Sources */,
				C02A49FE2996701A00E4B327 /* CreateLayoutViewController.swift in Sources */,
				C0BA5BF5298E7ACB00230100 /* ListAppearancesViewController.swift in Sources */,
				C0BA5BF4298E7ACB00230100 /* ReorderableListViewController.swift in Sources */,
				C0BA5BE0298E7ACB00230100 /* SectionBackgroundDecorationView.swift in Sources */,
				C01BA2382992253B008B97EA /* EmojiCell.swift in Sources */,
				C0BA5BF7298E7ACB00230100 /* OutlineViewController.swift in Sources */,
				C0BA5BF6298E7ACB00230100 /* CustomCellListViewController.swift in Sources */,
				C0BA5BE4298E7ACB00230100 /* ConferenceVideoController.swift in Sources */,
				C0A3CAE127513319004BE529 /* SampleCollectionReusableView.swift in Sources */,
				C0EF176125A3492E0038C5E9 /* InsertionCell.swift in Sources */,
				C0EE6BA029914E2F005C8F1C /* ItemListCell.swift in Sources */,
				C0BA5BDB298E7ACB00230100 /* ConferenceVideoCell.swift in Sources */,
				C0BA5BD5298E7ACB00230100 /* SectionHeadersFootersViewController.swift in Sources */,
				C0BA5BD1298E7ACB00230100 /* GridViewController.swift in Sources */,
				C0EE6B9C29914903005C8F1C /* SimpleListCell.swift in Sources */,
				C0BA5C00298E9AB900230100 /* LabelTableCell.swift in Sources */,
				C0BA5BDC298E7ACB00230100 /* ConferenceNewsFeedCell.swift in Sources */,
				C0BA5BEE298E7ACB00230100 /* MountainsViewController.swift in Sources */,
				C0BA5BD8298E7ACB00230100 /* OrthogonalScrollingViewController.swift in Sources */,
				C0BA5BDA298E7ACB00230100 /* NestedGroupsViewController.swift in Sources */,
				C0EF174825A33A5A0038C5E9 /* UserListTComplexTableViewController.swift in Sources */,
				C0EF4D1C2976E647002A8C45 /* CustomNoItemView.swift in Sources */,
				C0939E90299A16C1001823FF /* CustomLayoutCell.swift in Sources */,
				C0BA5BFB298E859A00230100 /* WiFiSettingsCell.swift in Sources */,
				C0BA5BCE298E7ACB00230100 /* CustomConfigurationViewController.swift in Sources */,
				C0A0D8FD259C9168008CD05F /* BookCell.swift in Sources */,
				C08CDB2E264BB11A006BD338 /* UserListCollectionViewController.swift in Sources */,
				C0A2AB71259A28CA00F06BFC /* AppDelegate.swift in Sources */,
				C0EF174725A33A5A0038C5E9 /* UserListTableViewController.swift in Sources */,
				C0BA5BF1298E7ACB00230100 /* Emoji.swift in Sources */,
				C0D6D3B1259AFCB600F5B3C4 /* UserCell.swift in Sources */,
				C0EE6B9E29914C67005C8F1C /* ReorderingListCell.swift in Sources */,
				C0BA5BD9298E7ACB00230100 /* OrthogonalScrollBehaviorViewController.swift in Sources */,
				C0EE6BA629915325005C8F1C /* ListAppearanceItemCell.swift in Sources */,
				C0BA5BE7298E7ACB00230100 /* WiFiSettingsViewController.swift in Sources */,
				C0BA5BDE298E7ACB00230100 /* BadgeSupplementrayView.swift in Sources */,
				C0BA5BEC298E7ACB00230100 /* TableViewEditingViewController.swift in Sources */,
				C0BA5BDD298E7ACB00230100 /* ListCell.swift in Sources */,
				C0C98794283CB656005275CD /* CollectionUserStoryboardCell.swift in Sources */,
				C0BA5BCF298E7ACB00230100 /* AdaptiveSectionsViewController.swift in Sources */,
				C0BA5BD7298E7ACB00230100 /* InsetItemsGridViewController.swift in Sources */,
				C0D545492993BEE0009E4A74 /* NewsVideoCombinedViewController.swift in Sources */,
				C0BA5BD4298E7ACB00230100 /* DistinctSectionsViewController.swift in Sources */,
				C0A2AB73259A28CA00F06BFC /* SceneDelegate.swift in Sources */,
				C0EABEC32910FA9800F4C6FB /* InsetViewController.swift in Sources */,
				C0EE6BA9299157E8005C8F1C /* CustomConfigurationCell.swift in Sources */,
				C0BA5BE3298E7ACB00230100 /* ConferenceNewsFeedViewController.swift in Sources */,
				C0BA5BCD298E7ACB00230100 /* CustomConfigurations.swift in Sources */,
				C0BA5BEA298E7ACB00230100 /* MountainsController.swift in Sources */,
				C0BA5BF9298E7D4B00230100 /* LabelCollectionCell.swift in Sources */,
				C0BA5BE1298E7ACB00230100 /* TitleSupplementaryView.swift in Sources */,
				C0BA5BE5298E7ACB00230100 /* ConferenceNewsController.swift in Sources */,
				C0BA5BD0298E7ACB00230100 /* ItemBadgeSupplementaryViewController.swift in Sources */,
				C0BA5BE2298E7ACB00230100 /* ConferenceVideoSessionsViewController.swift in Sources */,
				C091473D2994E366007C2AE9 /* HeaderTitleSupplementaryView.swift in Sources */,
			);
			runOnlyForDeploymentPostprocessing = 0;
		};
/* End PBXSourcesBuildPhase section */

/* Begin PBXVariantGroup section */
		C0A2AB76259A28CA00F06BFC /* Main.storyboard */ = {
			isa = PBXVariantGroup;
			children = (
				C0A2AB77259A28CA00F06BFC /* Base */,
			);
			name = Main.storyboard;
			sourceTree = "<group>";
		};
		C0A2AB7B259A28CB00F06BFC /* LaunchScreen.storyboard */ = {
			isa = PBXVariantGroup;
			children = (
				C0A2AB7C259A28CB00F06BFC /* Base */,
			);
			name = LaunchScreen.storyboard;
			sourceTree = "<group>";
		};
/* End PBXVariantGroup section */

/* Begin XCBuildConfiguration section */
		C0A2AB7F259A28CB00F06BFC /* Debug */ = {
			isa = XCBuildConfiguration;
			buildSettings = {
				ALWAYS_SEARCH_USER_PATHS = NO;
				CLANG_ANALYZER_NONNULL = YES;
				CLANG_ANALYZER_NUMBER_OBJECT_CONVERSION = YES_AGGRESSIVE;
				CLANG_CXX_LANGUAGE_STANDARD = "gnu++14";
				CLANG_CXX_LIBRARY = "libc++";
				CLANG_ENABLE_MODULES = YES;
				CLANG_ENABLE_OBJC_ARC = YES;
				CLANG_ENABLE_OBJC_WEAK = YES;
				CLANG_WARN_BLOCK_CAPTURE_AUTORELEASING = YES;
				CLANG_WARN_BOOL_CONVERSION = YES;
				CLANG_WARN_COMMA = YES;
				CLANG_WARN_CONSTANT_CONVERSION = YES;
				CLANG_WARN_DEPRECATED_OBJC_IMPLEMENTATIONS = YES;
				CLANG_WARN_DIRECT_OBJC_ISA_USAGE = YES_ERROR;
				CLANG_WARN_DOCUMENTATION_COMMENTS = YES;
				CLANG_WARN_EMPTY_BODY = YES;
				CLANG_WARN_ENUM_CONVERSION = YES;
				CLANG_WARN_INFINITE_RECURSION = YES;
				CLANG_WARN_INT_CONVERSION = YES;
				CLANG_WARN_NON_LITERAL_NULL_CONVERSION = YES;
				CLANG_WARN_OBJC_IMPLICIT_RETAIN_SELF = YES;
				CLANG_WARN_OBJC_LITERAL_CONVERSION = YES;
				CLANG_WARN_OBJC_ROOT_CLASS = YES_ERROR;
				CLANG_WARN_QUOTED_INCLUDE_IN_FRAMEWORK_HEADER = YES;
				CLANG_WARN_RANGE_LOOP_ANALYSIS = YES;
				CLANG_WARN_STRICT_PROTOTYPES = YES;
				CLANG_WARN_SUSPICIOUS_MOVE = YES;
				CLANG_WARN_UNGUARDED_AVAILABILITY = YES_AGGRESSIVE;
				CLANG_WARN_UNREACHABLE_CODE = YES;
				CLANG_WARN__DUPLICATE_METHOD_MATCH = YES;
				COPY_PHASE_STRIP = NO;
				DEBUG_INFORMATION_FORMAT = dwarf;
				ENABLE_STRICT_OBJC_MSGSEND = YES;
				ENABLE_TESTABILITY = YES;
				GCC_C_LANGUAGE_STANDARD = gnu11;
				GCC_DYNAMIC_NO_PIC = NO;
				GCC_NO_COMMON_BLOCKS = YES;
				GCC_OPTIMIZATION_LEVEL = 0;
				GCC_PREPROCESSOR_DEFINITIONS = (
					"DEBUG=1",
					"$(inherited)",
				);
				GCC_WARN_64_TO_32_BIT_CONVERSION = YES;
				GCC_WARN_ABOUT_RETURN_TYPE = YES_ERROR;
				GCC_WARN_UNDECLARED_SELECTOR = YES;
				GCC_WARN_UNINITIALIZED_AUTOS = YES_AGGRESSIVE;
				GCC_WARN_UNUSED_FUNCTION = YES;
				GCC_WARN_UNUSED_VARIABLE = YES;
				IPHONEOS_DEPLOYMENT_TARGET = 16.0;
				MTL_ENABLE_DEBUG_INFO = INCLUDE_SOURCE;
				MTL_FAST_MATH = YES;
				ONLY_ACTIVE_ARCH = YES;
				SDKROOT = iphoneos;
				SWIFT_ACTIVE_COMPILATION_CONDITIONS = DEBUG;
				SWIFT_OPTIMIZATION_LEVEL = "-Onone";
			};
			name = Debug;
		};
		C0A2AB80259A28CB00F06BFC /* Release */ = {
			isa = XCBuildConfiguration;
			buildSettings = {
				ALWAYS_SEARCH_USER_PATHS = NO;
				CLANG_ANALYZER_NONNULL = YES;
				CLANG_ANALYZER_NUMBER_OBJECT_CONVERSION = YES_AGGRESSIVE;
				CLANG_CXX_LANGUAGE_STANDARD = "gnu++14";
				CLANG_CXX_LIBRARY = "libc++";
				CLANG_ENABLE_MODULES = YES;
				CLANG_ENABLE_OBJC_ARC = YES;
				CLANG_ENABLE_OBJC_WEAK = YES;
				CLANG_WARN_BLOCK_CAPTURE_AUTORELEASING = YES;
				CLANG_WARN_BOOL_CONVERSION = YES;
				CLANG_WARN_COMMA = YES;
				CLANG_WARN_CONSTANT_CONVERSION = YES;
				CLANG_WARN_DEPRECATED_OBJC_IMPLEMENTATIONS = YES;
				CLANG_WARN_DIRECT_OBJC_ISA_USAGE = YES_ERROR;
				CLANG_WARN_DOCUMENTATION_COMMENTS = YES;
				CLANG_WARN_EMPTY_BODY = YES;
				CLANG_WARN_ENUM_CONVERSION = YES;
				CLANG_WARN_INFINITE_RECURSION = YES;
				CLANG_WARN_INT_CONVERSION = YES;
				CLANG_WARN_NON_LITERAL_NULL_CONVERSION = YES;
				CLANG_WARN_OBJC_IMPLICIT_RETAIN_SELF = YES;
				CLANG_WARN_OBJC_LITERAL_CONVERSION = YES;
				CLANG_WARN_OBJC_ROOT_CLASS = YES_ERROR;
				CLANG_WARN_QUOTED_INCLUDE_IN_FRAMEWORK_HEADER = YES;
				CLANG_WARN_RANGE_LOOP_ANALYSIS = YES;
				CLANG_WARN_STRICT_PROTOTYPES = YES;
				CLANG_WARN_SUSPICIOUS_MOVE = YES;
				CLANG_WARN_UNGUARDED_AVAILABILITY = YES_AGGRESSIVE;
				CLANG_WARN_UNREACHABLE_CODE = YES;
				CLANG_WARN__DUPLICATE_METHOD_MATCH = YES;
				COPY_PHASE_STRIP = NO;
				DEBUG_INFORMATION_FORMAT = "dwarf-with-dsym";
				ENABLE_NS_ASSERTIONS = NO;
				ENABLE_STRICT_OBJC_MSGSEND = YES;
				GCC_C_LANGUAGE_STANDARD = gnu11;
				GCC_NO_COMMON_BLOCKS = YES;
				GCC_WARN_64_TO_32_BIT_CONVERSION = YES;
				GCC_WARN_ABOUT_RETURN_TYPE = YES_ERROR;
				GCC_WARN_UNDECLARED_SELECTOR = YES;
				GCC_WARN_UNINITIALIZED_AUTOS = YES_AGGRESSIVE;
				GCC_WARN_UNUSED_FUNCTION = YES;
				GCC_WARN_UNUSED_VARIABLE = YES;
				IPHONEOS_DEPLOYMENT_TARGET = 16.0;
				MTL_ENABLE_DEBUG_INFO = NO;
				MTL_FAST_MATH = YES;
				SDKROOT = iphoneos;
				SWIFT_COMPILATION_MODE = wholemodule;
				SWIFT_OPTIMIZATION_LEVEL = "-O";
				VALIDATE_PRODUCT = YES;
			};
			name = Release;
		};
		C0A2AB82259A28CB00F06BFC /* Debug */ = {
			isa = XCBuildConfiguration;
			baseConfigurationReference = D563E2C3209E4C9AC7948C3B /* Pods-ListKit.debug.xcconfig */;
			buildSettings = {
				ASSETCATALOG_COMPILER_APPICON_NAME = AppIcon;
				ASSETCATALOG_COMPILER_GLOBAL_ACCENT_COLOR_NAME = AccentColor;
				CLANG_MODULES_AUTOLINK = NO;
				CODE_SIGN_IDENTITY = "Apple Development";
				CODE_SIGN_STYLE = Automatic;
				DEVELOPMENT_TEAM = 7UUTF6T5P9;
				"EXCLUDED_ARCHS[sdk=iphoneos*]" = x86_64;
				"EXCLUDED_ARCHS[sdk=iphonesimulator*]" = arm64;
				INFOPLIST_FILE = ListKit/Info.plist;
				IPHONEOS_DEPLOYMENT_TARGET = 13.0;
				LD_RUNPATH_SEARCH_PATHS = (
					"$(inherited)",
					"@executable_path/Frameworks",
				);
				MARKETING_VERSION = 5.0.2;
				OTHER_SWIFT_FLAGS = "$(inherited) -D COCOAPODS -Xfrontend -warn-long-function-bodies=50 -Xfrontend -warn-long-expression-type-checking=20";
				PRODUCT_BUNDLE_IDENTIFIER = com.iftekhar.ListKit.ListKit;
				PRODUCT_NAME = "$(TARGET_NAME)";
				PROVISIONING_PROFILE_SPECIFIER = "";
				SWIFT_VERSION = 5.0;
				TARGETED_DEVICE_FAMILY = "1,2";
			};
			name = Debug;
		};
		C0A2AB83259A28CB00F06BFC /* Release */ = {
			isa = XCBuildConfiguration;
			baseConfigurationReference = AF09D68FC465E675FA2D3C6D /* Pods-ListKit.release.xcconfig */;
			buildSettings = {
				ASSETCATALOG_COMPILER_APPICON_NAME = AppIcon;
				ASSETCATALOG_COMPILER_GLOBAL_ACCENT_COLOR_NAME = AccentColor;
				CLANG_MODULES_AUTOLINK = NO;
				CODE_SIGN_IDENTITY = "Apple Development";
				CODE_SIGN_STYLE = Automatic;
				DEVELOPMENT_TEAM = 7UUTF6T5P9;
				INFOPLIST_FILE = ListKit/Info.plist;
				IPHONEOS_DEPLOYMENT_TARGET = 13.0;
				LD_RUNPATH_SEARCH_PATHS = (
					"$(inherited)",
					"@executable_path/Frameworks",
				);
				MARKETING_VERSION = 5.0.2;
				OTHER_SWIFT_FLAGS = "$(inherited) -D COCOAPODS -Xfrontend -warn-long-function-bodies=50 -Xfrontend -warn-long-expression-type-checking=20";
				PRODUCT_BUNDLE_IDENTIFIER = com.iftekhar.ListKit.ListKit;
				PRODUCT_NAME = "$(TARGET_NAME)";
				PROVISIONING_PROFILE_SPECIFIER = "";
				SWIFT_VERSION = 5.0;
				TARGETED_DEVICE_FAMILY = "1,2";
			};
			name = Release;
		};
/* End XCBuildConfiguration section */

/* Begin XCConfigurationList section */
		C0A2AB68259A28CA00F06BFC /* Build configuration list for PBXProject "ListKit" */ = {
			isa = XCConfigurationList;
			buildConfigurations = (
				C0A2AB7F259A28CB00F06BFC /* Debug */,
				C0A2AB80259A28CB00F06BFC /* Release */,
			);
			defaultConfigurationIsVisible = 0;
			defaultConfigurationName = Release;
		};
		C0A2AB81259A28CB00F06BFC /* Build configuration list for PBXNativeTarget "ListKit" */ = {
			isa = XCConfigurationList;
			buildConfigurations = (
				C0A2AB82259A28CB00F06BFC /* Debug */,
				C0A2AB83259A28CB00F06BFC /* Release */,
			);
			defaultConfigurationIsVisible = 0;
			defaultConfigurationName = Release;
		};
/* End XCConfigurationList section */
	};
	rootObject = C0A2AB65259A28CA00F06BFC /* Project object */;
}
