// !$*UTF8*$!
{
	archiveVersion = 1;
	classes = {
	};
	objectVersion = 56;
	objects = {

/* Begin PBXBuildFile section */
		C01C6D9D2D65B608000BDD13 /* IQItem.swift in Sources */ = {isa = PBXBuildFile; fileRef = C01C6D932D65B608000BDD13 /* IQItem.swift */; };
		C01C6D9E2D65B608000BDD13 /* IQUIScrollViewDelegate.swift in Sources */ = {isa = PBXBuildFile; fileRef = C01C6D812D65B608000BDD13 /* IQUIScrollViewDelegate.swift */; };
		C01C6D9F2D65B608000BDD13 /* IQNoItemStateView.swift in Sources */ = {isa = PBXBuildFile; fileRef = C01C6D862D65B608000BDD13 /* IQNoItemStateView.swift */; };
		C01C6DA02D65B608000BDD13 /* IQDiffableDataSource.swift in Sources */ = {isa = PBXBuildFile; fileRef = C01C6D6F2D65B608000BDD13 /* IQDiffableDataSource.swift */; };
		C01C6DA12D65B608000BDD13 /* IQList+Update.swift in Sources */ = {isa = PBXBuildFile; fileRef = C01C6D902D65B608000BDD13 /* IQList+Update.swift */; };
		C01C6DA22D65B608000BDD13 /* IQListView.swift in Sources */ = {isa = PBXBuildFile; fileRef = C01C6D7D2D65B608000BDD13 /* IQListView.swift */; };
		C01C6DA32D65B608000BDD13 /* IQNoItemStateRepresentable.swift in Sources */ = {isa = PBXBuildFile; fileRef = C01C6D852D65B608000BDD13 /* IQNoItemStateRepresentable.swift */; };
		C01C6DA42D65B608000BDD13 /* IQModelModifiable.swift in Sources */ = {isa = PBXBuildFile; fileRef = C01C6D682D65B608000BDD13 /* IQModelModifiable.swift */; };
		C01C6DA52D65B608000BDD13 /* IQTableTitleSupplementaryView.swift in Sources */ = {isa = PBXBuildFile; fileRef = C01C6D772D65B608000BDD13 /* IQTableTitleSupplementaryView.swift */; };
		C01C6DA62D65B608000BDD13 /* IQSupplementaryViewPlaceholder.swift in Sources */ = {isa = PBXBuildFile; fileRef = C01C6D752D65B608000BDD13 /* IQSupplementaryViewPlaceholder.swift */; };
		C01C6DA72D65B608000BDD13 /* IQModelableCell.swift in Sources */ = {isa = PBXBuildFile; fileRef = C01C6D672D65B608000BDD13 /* IQModelableCell.swift */; };
		C01C6DA82D65B608000BDD13 /* IQSection.swift in Sources */ = {isa = PBXBuildFile; fileRef = C01C6D942D65B608000BDD13 /* IQSection.swift */; };
		C01C6DA92D65B608000BDD13 /* IQCollectionTitleSupplementaryView.swift in Sources */ = {isa = PBXBuildFile; fileRef = C01C6D742D65B608000BDD13 /* IQCollectionTitleSupplementaryView.swift */; };
		C01C6DAA2D65B608000BDD13 /* IQList+Register.swift in Sources */ = {isa = PBXBuildFile; fileRef = C01C6D8F2D65B608000BDD13 /* IQList+Register.swift */; };
		C01C6DAB2D65B608000BDD13 /* IQReorderableModel.swift in Sources */ = {isa = PBXBuildFile; fileRef = C01C6D692D65B608000BDD13 /* IQReorderableModel.swift */; };
		C01C6DAC2D65B608000BDD13 /* IQCollectionViewSectionLayout.swift in Sources */ = {isa = PBXBuildFile; fileRef = C01C6D6D2D65B608000BDD13 /* IQCollectionViewSectionLayout.swift */; };
		C01C6DAD2D65B608000BDD13 /* IQCollectionViewLayout.swift in Sources */ = {isa = PBXBuildFile; fileRef = C01C6D6C2D65B608000BDD13 /* IQCollectionViewLayout.swift */; };
		C01C6DAE2D65B608000BDD13 /* IQList.swift in Sources */ = {isa = PBXBuildFile; fileRef = C01C6D8C2D65B608000BDD13 /* IQList.swift */; };
		C01C6DAF2D65B608000BDD13 /* IQListWrapper.swift in Sources */ = {isa = PBXBuildFile; fileRef = C01C6D832D65B608000BDD13 /* IQListWrapper.swift */; };
		C01C6DB02D65B608000BDD13 /* IQList+Info.swift in Sources */ = {isa = PBXBuildFile; fileRef = C01C6D8D2D65B608000BDD13 /* IQList+Info.swift */; };
		C01C6DB12D65B608000BDD13 /* IQCollectionViewDiffableDataSource+UICollectionViewDelegate.swift in Sources */ = {isa = PBXBuildFile; fileRef = C01C6D7B2D65B608000BDD13 /* IQCollectionViewDiffableDataSource+UICollectionViewDelegate.swift */; };
		C01C6DB22D65B608000BDD13 /* IQCollectionViewDiffableDataSource+UICollectionViewDelegateFlowLayout.swift in Sources */ = {isa = PBXBuildFile; fileRef = C01C6D7C2D65B608000BDD13 /* IQCollectionViewDiffableDataSource+UICollectionViewDelegateFlowLayout.swift */; };
		C01C6DB32D65B608000BDD13 /* IQDiffableDataSourceSnapshotBuilder.swift in Sources */ = {isa = PBXBuildFile; fileRef = C01C6D972D65B608000BDD13 /* IQDiffableDataSourceSnapshotBuilder.swift */; };
		C01C6DB42D65B608000BDD13 /* IQModelableSupplementaryView.swift in Sources */ = {isa = PBXBuildFile; fileRef = C01C6D9B2D65B608000BDD13 /* IQModelableSupplementaryView.swift */; };
		C01C6DB52D65B608000BDD13 /* Array+Extension.swift in Sources */ = {isa = PBXBuildFile; fileRef = C01C6D882D65B608000BDD13 /* Array+Extension.swift */; };
		C01C6DB62D65B608000BDD13 /* IQCellActionsProvider.swift in Sources */ = {isa = PBXBuildFile; fileRef = C01C6D642D65B608000BDD13 /* IQCellActionsProvider.swift */; };
		C01C6DB72D65B608000BDD13 /* IQSelectableModel.swift in Sources */ = {isa = PBXBuildFile; fileRef = C01C6D6A2D65B608000BDD13 /* IQSelectableModel.swift */; };
		C01C6DB82D65B608000BDD13 /* IQCellSizeProvider.swift in Sources */ = {isa = PBXBuildFile; fileRef = C01C6D652D65B608000BDD13 /* IQCellSizeProvider.swift */; };
		C01C6DB92D65B608000BDD13 /* IQDiffableDataSourceSnapshotWrapper+UpdateSection.swift in Sources */ = {isa = PBXBuildFile; fileRef = C01C6D992D65B608000BDD13 /* IQDiffableDataSourceSnapshotWrapper+UpdateSection.swift */; };
		C01C6DBA2D65B608000BDD13 /* IQTableViewDiffableDataSource+UITableViewDataSourcePrefetching.swift in Sources */ = {isa = PBXBuildFile; fileRef = C01C6D7F2D65B608000BDD13 /* IQTableViewDiffableDataSource+UITableViewDataSourcePrefetching.swift */; };
		C01C6DBB2D65B608000BDD13 /* IQTableViewDiffableDataSource.swift in Sources */ = {isa = PBXBuildFile; fileRef = C01C6D7E2D65B608000BDD13 /* IQTableViewDiffableDataSource.swift */; };
		C01C6DBC2D65B608000BDD13 /* IQListViewDelegateDataSource.swift in Sources */ = {isa = PBXBuildFile; fileRef = C01C6D922D65B608000BDD13 /* IQListViewDelegateDataSource.swift */; };
		C01C6DBD2D65B608000BDD13 /* IQList+NoItem.swift in Sources */ = {isa = PBXBuildFile; fileRef = C01C6D8E2D65B608000BDD13 /* IQList+NoItem.swift */; };
		C01C6DBE2D65B608000BDD13 /* IQCollectionViewDiffableDataSource.swift in Sources */ = {isa = PBXBuildFile; fileRef = C01C6D792D65B608000BDD13 /* IQCollectionViewDiffableDataSource.swift */; };
		C01C6DBF2D65B608000BDD13 /* IQListCell.swift in Sources */ = {isa = PBXBuildFile; fileRef = C01C6D662D65B608000BDD13 /* IQListCell.swift */; };
		C01C6DC02D65B608000BDD13 /* UICollectionView+Extension.swift in Sources */ = {isa = PBXBuildFile; fileRef = C01C6D892D65B608000BDD13 /* UICollectionView+Extension.swift */; };
		C01C6DC12D65B608000BDD13 /* IQTableEmptySupplementaryView.swift in Sources */ = {isa = PBXBuildFile; fileRef = C01C6D762D65B608000BDD13 /* IQTableEmptySupplementaryView.swift */; };
		C01C6DC22D65B608000BDD13 /* IQTableViewCell.swift in Sources */ = {isa = PBXBuildFile; fileRef = C01C6D712D65B608000BDD13 /* IQTableViewCell.swift */; };
		C01C6DC32D65B608000BDD13 /* IQDiffableDataSourceSnapshotWrapper+UpdateItem.swift in Sources */ = {isa = PBXBuildFile; fileRef = C01C6D982D65B608000BDD13 /* IQDiffableDataSourceSnapshotWrapper+UpdateItem.swift */; };
		C01C6DC42D65B608000BDD13 /* IQCollectionEmptySupplementaryView.swift in Sources */ = {isa = PBXBuildFile; fileRef = C01C6D732D65B608000BDD13 /* IQCollectionEmptySupplementaryView.swift */; };
		C01C6DC52D65B608000BDD13 /* IQCollectionViewDiffableDataSource+UICollectionViewDataSourcePrefetching.swift in Sources */ = {isa = PBXBuildFile; fileRef = C01C6D7A2D65B608000BDD13 /* IQCollectionViewDiffableDataSource+UICollectionViewDataSourcePrefetching.swift */; };
		C01C6DC62D65B608000BDD13 /* IQTableViewDiffableDataSource+UITableViewDelegate.swift in Sources */ = {isa = PBXBuildFile; fileRef = C01C6D802D65B608000BDD13 /* IQTableViewDiffableDataSource+UITableViewDelegate.swift */; };
		C01C6DC72D65B608000BDD13 /* PrivacyInfo.xcprivacy in Resources */ = {isa = PBXBuildFile; fileRef = C01C6D962D65B608000BDD13 /* PrivacyInfo.xcprivacy */; };
		C01C6DC82D65B608000BDD13 /* IQListKit.h in Headers */ = {isa = PBXBuildFile; fileRef = C01C6D912D65B608000BDD13 /* IQListKit.h */; settings = {ATTRIBUTES = (Public, ); }; };
/* End PBXBuildFile section */

/* Begin PBXFileReference section */
		C01C6D642D65B608000BDD13 /* IQCellActionsProvider.swift */ = {isa = PBXFileReference; lastKnownFileType = sourcecode.swift; path = IQCellActionsProvider.swift; sourceTree = "<group>"; };
		C01C6D652D65B608000BDD13 /* IQCellSizeProvider.swift */ = {isa = PBXFileReference; lastKnownFileType = sourcecode.swift; path = IQCellSizeProvider.swift; sourceTree = "<group>"; };
		C01C6D662D65B608000BDD13 /* IQListCell.swift */ = {isa = PBXFileReference; lastKnownFileType = sourcecode.swift; path = IQListCell.swift; sourceTree = "<group>"; };
		C01C6D672D65B608000BDD13 /* IQModelableCell.swift */ = {isa = PBXFileReference; lastKnownFileType = sourcecode.swift; path = IQModelableCell.swift; sourceTree = "<group>"; };
		C01C6D682D65B608000BDD13 /* IQModelModifiable.swift */ = {isa = PBXFileReference; lastKnownFileType = sourcecode.swift; path = IQModelModifiable.swift; sourceTree = "<group>"; };
		C01C6D692D65B608000BDD13 /* IQReorderableModel.swift */ = {isa = PBXFileReference; lastKnownFileType = sourcecode.swift; path = IQReorderableModel.swift; sourceTree = "<group>"; };
		C01C6D6A2D65B608000BDD13 /* IQSelectableModel.swift */ = {isa = PBXFileReference; lastKnownFileType = sourcecode.swift; path = IQSelectableModel.swift; sourceTree = "<group>"; };
		C01C6D6C2D65B608000BDD13 /* IQCollectionViewLayout.swift */ = {isa = PBXFileReference; lastKnownFileType = sourcecode.swift; path = IQCollectionViewLayout.swift; sourceTree = "<group>"; };
		C01C6D6D2D65B608000BDD13 /* IQCollectionViewSectionLayout.swift */ = {isa = PBXFileReference; lastKnownFileType = sourcecode.swift; path = IQCollectionViewSectionLayout.swift; sourceTree = "<group>"; };
		C01C6D6F2D65B608000BDD13 /* IQDiffableDataSource.swift */ = {isa = PBXFileReference; lastKnownFileType = sourcecode.swift; path = IQDiffableDataSource.swift; sourceTree = "<group>"; };
		C01C6D712D65B608000BDD13 /* IQTableViewCell.swift */ = {isa = PBXFileReference; lastKnownFileType = sourcecode.swift; path = IQTableViewCell.swift; sourceTree = "<group>"; };
		C01C6D732D65B608000BDD13 /* IQCollectionEmptySupplementaryView.swift */ = {isa = PBXFileReference; lastKnownFileType = sourcecode.swift; path = IQCollectionEmptySupplementaryView.swift; sourceTree = "<group>"; };
		C01C6D742D65B608000BDD13 /* IQCollectionTitleSupplementaryView.swift */ = {isa = PBXFileReference; lastKnownFileType = sourcecode.swift; path = IQCollectionTitleSupplementaryView.swift; sourceTree = "<group>"; };
		C01C6D752D65B608000BDD13 /* IQSupplementaryViewPlaceholder.swift */ = {isa = PBXFileReference; lastKnownFileType = sourcecode.swift; path = IQSupplementaryViewPlaceholder.swift; sourceTree = "<group>"; };
		C01C6D762D65B608000BDD13 /* IQTableEmptySupplementaryView.swift */ = {isa = PBXFileReference; lastKnownFileType = sourcecode.swift; path = IQTableEmptySupplementaryView.swift; sourceTree = "<group>"; };
		C01C6D772D65B608000BDD13 /* IQTableTitleSupplementaryView.swift */ = {isa = PBXFileReference; lastKnownFileType = sourcecode.swift; path = IQTableTitleSupplementaryView.swift; sourceTree = "<group>"; };
		C01C6D792D65B608000BDD13 /* IQCollectionViewDiffableDataSource.swift */ = {isa = PBXFileReference; lastKnownFileType = sourcecode.swift; path = IQCollectionViewDiffableDataSource.swift; sourceTree = "<group>"; };
		C01C6D7A2D65B608000BDD13 /* IQCollectionViewDiffableDataSource+UICollectionViewDataSourcePrefetching.swift */ = {isa = PBXFileReference; lastKnownFileType = sourcecode.swift; path = "IQCollectionViewDiffableDataSource+UICollectionViewDataSourcePrefetching.swift"; sourceTree = "<group>"; };
		C01C6D7B2D65B608000BDD13 /* IQCollectionViewDiffableDataSource+UICollectionViewDelegate.swift */ = {isa = PBXFileReference; lastKnownFileType = sourcecode.swift; path = "IQCollectionViewDiffableDataSource+UICollectionViewDelegate.swift"; sourceTree = "<group>"; };
		C01C6D7C2D65B608000BDD13 /* IQCollectionViewDiffableDataSource+UICollectionViewDelegateFlowLayout.swift */ = {isa = PBXFileReference; lastKnownFileType = sourcecode.swift; path = "IQCollectionViewDiffableDataSource+UICollectionViewDelegateFlowLayout.swift"; sourceTree = "<group>"; };
		C01C6D7D2D65B608000BDD13 /* IQListView.swift */ = {isa = PBXFileReference; lastKnownFileType = sourcecode.swift; path = IQListView.swift; sourceTree = "<group>"; };
		C01C6D7E2D65B608000BDD13 /* IQTableViewDiffableDataSource.swift */ = {isa = PBXFileReference; lastKnownFileType = sourcecode.swift; path = IQTableViewDiffableDataSource.swift; sourceTree = "<group>"; };
		C01C6D7F2D65B608000BDD13 /* IQTableViewDiffableDataSource+UITableViewDataSourcePrefetching.swift */ = {isa = PBXFileReference; lastKnownFileType = sourcecode.swift; path = "IQTableViewDiffableDataSource+UITableViewDataSourcePrefetching.swift"; sourceTree = "<group>"; };
		C01C6D802D65B608000BDD13 /* IQTableViewDiffableDataSource+UITableViewDelegate.swift */ = {isa = PBXFileReference; lastKnownFileType = sourcecode.swift; path = "IQTableViewDiffableDataSource+UITableViewDelegate.swift"; sourceTree = "<group>"; };
		C01C6D812D65B608000BDD13 /* IQUIScrollViewDelegate.swift */ = {isa = PBXFileReference; lastKnownFileType = sourcecode.swift; path = IQUIScrollViewDelegate.swift; sourceTree = "<group>"; };
		C01C6D832D65B608000BDD13 /* IQListWrapper.swift */ = {isa = PBXFileReference; lastKnownFileType = sourcecode.swift; path = IQListWrapper.swift; sourceTree = "<group>"; };
		C01C6D852D65B608000BDD13 /* IQNoItemStateRepresentable.swift */ = {isa = PBXFileReference; lastKnownFileType = sourcecode.swift; path = IQNoItemStateRepresentable.swift; sourceTree = "<group>"; };
		C01C6D862D65B608000BDD13 /* IQNoItemStateView.swift */ = {isa = PBXFileReference; lastKnownFileType = sourcecode.swift; path = IQNoItemStateView.swift; sourceTree = "<group>"; };
		C01C6D882D65B608000BDD13 /* Array+Extension.swift */ = {isa = PBXFileReference; lastKnownFileType = sourcecode.swift; path = "Array+Extension.swift"; sourceTree = "<group>"; };
		C01C6D892D65B608000BDD13 /* UICollectionView+Extension.swift */ = {isa = PBXFileReference; lastKnownFileType = sourcecode.swift; path = "UICollectionView+Extension.swift"; sourceTree = "<group>"; };
		C01C6D8C2D65B608000BDD13 /* IQList.swift */ = {isa = PBXFileReference; lastKnownFileType = sourcecode.swift; path = IQList.swift; sourceTree = "<group>"; };
		C01C6D8D2D65B608000BDD13 /* IQList+Info.swift */ = {isa = PBXFileReference; lastKnownFileType = sourcecode.swift; path = "IQList+Info.swift"; sourceTree = "<group>"; };
		C01C6D8E2D65B608000BDD13 /* IQList+NoItem.swift */ = {isa = PBXFileReference; lastKnownFileType = sourcecode.swift; path = "IQList+NoItem.swift"; sourceTree = "<group>"; };
		C01C6D8F2D65B608000BDD13 /* IQList+Register.swift */ = {isa = PBXFileReference; lastKnownFileType = sourcecode.swift; path = "IQList+Register.swift"; sourceTree = "<group>"; };
		C01C6D902D65B608000BDD13 /* IQList+Update.swift */ = {isa = PBXFileReference; lastKnownFileType = sourcecode.swift; path = "IQList+Update.swift"; sourceTree = "<group>"; };
		C01C6D912D65B608000BDD13 /* IQListKit.h */ = {isa = PBXFileReference; lastKnownFileType = sourcecode.c.h; path = IQListKit.h; sourceTree = "<group>"; };
		C01C6D922D65B608000BDD13 /* IQListViewDelegateDataSource.swift */ = {isa = PBXFileReference; lastKnownFileType = sourcecode.swift; path = IQListViewDelegateDataSource.swift; sourceTree = "<group>"; };
		C01C6D932D65B608000BDD13 /* IQItem.swift */ = {isa = PBXFileReference; lastKnownFileType = sourcecode.swift; path = IQItem.swift; sourceTree = "<group>"; };
		C01C6D942D65B608000BDD13 /* IQSection.swift */ = {isa = PBXFileReference; lastKnownFileType = sourcecode.swift; path = IQSection.swift; sourceTree = "<group>"; };
		C01C6D962D65B608000BDD13 /* PrivacyInfo.xcprivacy */ = {isa = PBXFileReference; lastKnownFileType = text.xml; path = PrivacyInfo.xcprivacy; sourceTree = "<group>"; };
		C01C6D972D65B608000BDD13 /* IQDiffableDataSourceSnapshotBuilder.swift */ = {isa = PBXFileReference; lastKnownFileType = sourcecode.swift; path = IQDiffableDataSourceSnapshotBuilder.swift; sourceTree = "<group>"; };
		C01C6D982D65B608000BDD13 /* IQDiffableDataSourceSnapshotWrapper+UpdateItem.swift */ = {isa = PBXFileReference; lastKnownFileType = sourcecode.swift; path = "IQDiffableDataSourceSnapshotWrapper+UpdateItem.swift"; sourceTree = "<group>"; };
		C01C6D992D65B608000BDD13 /* IQDiffableDataSourceSnapshotWrapper+UpdateSection.swift */ = {isa = PBXFileReference; lastKnownFileType = sourcecode.swift; path = "IQDiffableDataSourceSnapshotWrapper+UpdateSection.swift"; sourceTree = "<group>"; };
		C01C6D9B2D65B608000BDD13 /* IQModelableSupplementaryView.swift */ = {isa = PBXFileReference; lastKnownFileType = sourcecode.swift; path = IQModelableSupplementaryView.swift; sourceTree = "<group>"; };
		C0A672DB2A7AFEF4004EB133 /* IQListKit.framework */ = {isa = PBXFileReference; explicitFileType = wrapper.framework; includeInIndex = 0; path = IQListKit.framework; sourceTree = BUILT_PRODUCTS_DIR; };
/* End PBXFileReference section */

/* Begin PBXFrameworksBuildPhase section */
		C0A672D82A7AFEF4004EB133 /* Frameworks */ = {
			isa = PBXFrameworksBuildPhase;
			buildActionMask = 2147483647;
			files = (
			);
			runOnlyForDeploymentPostprocessing = 0;
		};
/* End PBXFrameworksBuildPhase section */

/* Begin PBXGroup section */
		C01C6D6B2D65B608000BDD13 /* Cell Protocol */ = {
			isa = PBXGroup;
			children = (
				C01C6D642D65B608000BDD13 /* IQCellActionsProvider.swift */,
				C01C6D652D65B608000BDD13 /* IQCellSizeProvider.swift */,
				C01C6D662D65B608000BDD13 /* IQListCell.swift */,
				C01C6D672D65B608000BDD13 /* IQModelableCell.swift */,
				C01C6D682D65B608000BDD13 /* IQModelModifiable.swift */,
				C01C6D692D65B608000BDD13 /* IQReorderableModel.swift */,
				C01C6D6A2D65B608000BDD13 /* IQSelectableModel.swift */,
			);
			path = "Cell Protocol";
			sourceTree = "<group>";
		};
		C01C6D6E2D65B608000BDD13 /* CollectionView Layouts */ = {
			isa = PBXGroup;
			children = (
				C01C6D6C2D65B608000BDD13 /* IQCollectionViewLayout.swift */,
				C01C6D6D2D65B608000BDD13 /* IQCollectionViewSectionLayout.swift */,
			);
			path = "CollectionView Layouts";
			sourceTree = "<group>";
		};
		C01C6D702D65B608000BDD13 /* Compatibility */ = {
			isa = PBXGroup;
			children = (
				C01C6D6F2D65B608000BDD13 /* IQDiffableDataSource.swift */,
			);
			path = Compatibility;
			sourceTree = "<group>";
		};
		C01C6D722D65B608000BDD13 /* Default Cell */ = {
			isa = PBXGroup;
			children = (
				C01C6D712D65B608000BDD13 /* IQTableViewCell.swift */,
			);
			path = "Default Cell";
			sourceTree = "<group>";
		};
		C01C6D782D65B608000BDD13 /* Default Supplementary View */ = {
			isa = PBXGroup;
			children = (
				C01C6D732D65B608000BDD13 /* IQCollectionEmptySupplementaryView.swift */,
				C01C6D742D65B608000BDD13 /* IQCollectionTitleSupplementaryView.swift */,
				C01C6D752D65B608000BDD13 /* IQSupplementaryViewPlaceholder.swift */,
				C01C6D762D65B608000BDD13 /* IQTableEmptySupplementaryView.swift */,
				C01C6D772D65B608000BDD13 /* IQTableTitleSupplementaryView.swift */,
			);
			path = "Default Supplementary View";
			sourceTree = "<group>";
		};
		C01C6D822D65B608000BDD13 /* DiffableDataSource */ = {
			isa = PBXGroup;
			children = (
				C01C6D792D65B608000BDD13 /* IQCollectionViewDiffableDataSource.swift */,
				C01C6D7A2D65B608000BDD13 /* IQCollectionViewDiffableDataSource+UICollectionViewDataSourcePrefetching.swift */,
				C01C6D7B2D65B608000BDD13 /* IQCollectionViewDiffableDataSource+UICollectionViewDelegate.swift */,
				C01C6D7C2D65B608000BDD13 /* IQCollectionViewDiffableDataSource+UICollectionViewDelegateFlowLayout.swift */,
				C01C6D7D2D65B608000BDD13 /* IQListView.swift */,
				C01C6D7E2D65B608000BDD13 /* IQTableViewDiffableDataSource.swift */,
				C01C6D7F2D65B608000BDD13 /* IQTableViewDiffableDataSource+UITableViewDataSourcePrefetching.swift */,
				C01C6D802D65B608000BDD13 /* IQTableViewDiffableDataSource+UITableViewDelegate.swift */,
				C01C6D812D65B608000BDD13 /* IQUIScrollViewDelegate.swift */,
			);
			path = DiffableDataSource;
			sourceTree = "<group>";
		};
		C01C6D842D65B608000BDD13 /* Easy Wrapper Class */ = {
			isa = PBXGroup;
			children = (
				C01C6D832D65B608000BDD13 /* IQListWrapper.swift */,
			);
			path = "Easy Wrapper Class";
			sourceTree = "<group>";
		};
		C01C6D872D65B608000BDD13 /* Empty State */ = {
			isa = PBXGroup;
			children = (
				C01C6D852D65B608000BDD13 /* IQNoItemStateRepresentable.swift */,
				C01C6D862D65B608000BDD13 /* IQNoItemStateView.swift */,
			);
			path = "Empty State";
			sourceTree = "<group>";
		};
		C01C6D8A2D65B608000BDD13 /* Extensions */ = {
			isa = PBXGroup;
			children = (
				C01C6D882D65B608000BDD13 /* Array+Extension.swift */,
				C01C6D892D65B608000BDD13 /* UICollectionView+Extension.swift */,
			);
			path = Extensions;
			sourceTree = "<group>";
		};
		C01C6D8B2D65B608000BDD13 /* HeaderFooter */ = {
			isa = PBXGroup;
			children = (
			);
			path = HeaderFooter;
			sourceTree = "<group>";
		};
		C01C6D952D65B608000BDD13 /* Model */ = {
			isa = PBXGroup;
			children = (
				C01C6D932D65B608000BDD13 /* IQItem.swift */,
				C01C6D942D65B608000BDD13 /* IQSection.swift */,
			);
			path = Model;
			sourceTree = "<group>";
		};
		C01C6D9A2D65B608000BDD13 /* SnapshotBuilder */ = {
			isa = PBXGroup;
			children = (
				C01C6D972D65B608000BDD13 /* IQDiffableDataSourceSnapshotBuilder.swift */,
				C01C6D982D65B608000BDD13 /* IQDiffableDataSourceSnapshotWrapper+UpdateItem.swift */,
				C01C6D992D65B608000BDD13 /* IQDiffableDataSourceSnapshotWrapper+UpdateSection.swift */,
			);
			path = SnapshotBuilder;
			sourceTree = "<group>";
		};
		C01C6D9C2D65B608000BDD13 /* Supplementary Element Protocol */ = {
			isa = PBXGroup;
			children = (
				C01C6D9B2D65B608000BDD13 /* IQModelableSupplementaryView.swift */,
			);
			path = "Supplementary Element Protocol";
			sourceTree = "<group>";
		};
		C0A672D12A7AFEF4004EB133 = {
			isa = PBXGroup;
			children = (
				C0A672E52A7AFF47004EB133 /* IQListKit */,
				C0A672DC2A7AFEF4004EB133 /* Products */,
			);
			sourceTree = "<group>";
		};
		C0A672DC2A7AFEF4004EB133 /* Products */ = {
			isa = PBXGroup;
			children = (
				C0A672DB2A7AFEF4004EB133 /* IQListKit.framework */,
			);
			name = Products;
			sourceTree = "<group>";
		};
		C0A672E52A7AFF47004EB133 /* IQListKit */ = {
			isa = PBXGroup;
			children = (
				C01C6D6B2D65B608000BDD13 /* Cell Protocol */,
				C01C6D6E2D65B608000BDD13 /* CollectionView Layouts */,
				C01C6D702D65B608000BDD13 /* Compatibility */,
				C01C6D722D65B608000BDD13 /* Default Cell */,
				C01C6D782D65B608000BDD13 /* Default Supplementary View */,
				C01C6D822D65B608000BDD13 /* DiffableDataSource */,
				C01C6D842D65B608000BDD13 /* Easy Wrapper Class */,
				C01C6D872D65B608000BDD13 /* Empty State */,
				C01C6D8A2D65B608000BDD13 /* Extensions */,
				C01C6D8B2D65B608000BDD13 /* HeaderFooter */,
				C01C6D8C2D65B608000BDD13 /* IQList.swift */,
				C01C6D8D2D65B608000BDD13 /* IQList+Info.swift */,
				C01C6D8E2D65B608000BDD13 /* IQList+NoItem.swift */,
				C01C6D8F2D65B608000BDD13 /* IQList+Register.swift */,
				C01C6D902D65B608000BDD13 /* IQList+Update.swift */,
				C01C6D912D65B608000BDD13 /* IQListKit.h */,
				C01C6D922D65B608000BDD13 /* IQListViewDelegateDataSource.swift */,
				C01C6D952D65B608000BDD13 /* Model */,
				C01C6D962D65B608000BDD13 /* PrivacyInfo.xcprivacy */,
				C01C6D9A2D65B608000BDD13 /* SnapshotBuilder */,
				C01C6D9C2D65B608000BDD13 /* Supplementary Element Protocol */,
			);
			path = IQListKit;
			sourceTree = "<group>";
		};
/* End PBXGroup section */

/* Begin PBXHeadersBuildPhase section */
		C0A672D62A7AFEF4004EB133 /* Headers */ = {
			isa = PBXHeadersBuildPhase;
			buildActionMask = 2147483647;
			files = (
				C01C6DC82D65B608000BDD13 /* IQListKit.h in Headers */,
			);
			runOnlyForDeploymentPostprocessing = 0;
		};
/* End PBXHeadersBuildPhase section */

/* Begin PBXNativeTarget section */
		C0A672DA2A7AFEF4004EB133 /* IQListKit */ = {
			isa = PBXNativeTarget;
			buildConfigurationList = C0A672E22A7AFEF4004EB133 /* Build configuration list for PBXNativeTarget "IQListKit" */;
			buildPhases = (
				C0A672D62A7AFEF4004EB133 /* Headers */,
				C0A672D72A7AFEF4004EB133 /* Sources */,
				C0A672D82A7AFEF4004EB133 /* Frameworks */,
				C0A672D92A7AFEF4004EB133 /* Resources */,
			);
			buildRules = (
			);
			dependencies = (
			);
			name = IQListKit;
			productName = IQListKit;
			productReference = C0A672DB2A7AFEF4004EB133 /* IQListKit.framework */;
			productType = "com.apple.product-type.framework";
		};
/* End PBXNativeTarget section */

/* Begin PBXProject section */
		C0A672D22A7AFEF4004EB133 /* Project object */ = {
			isa = PBXProject;
			attributes = {
				BuildIndependentTargetsInParallel = 1;
				LastUpgradeCheck = 1430;
				TargetAttributes = {
					C0A672DA2A7AFEF4004EB133 = {
						CreatedOnToolsVersion = 14.3.1;
					};
				};
			};
			buildConfigurationList = C0A672D52A7AFEF4004EB133 /* Build configuration list for PBXProject "IQListKit" */;
			compatibilityVersion = "Xcode 14.0";
			developmentRegion = en;
			hasScannedForEncodings = 0;
			knownRegions = (
				en,
				Base,
			);
			mainGroup = C0A672D12A7AFEF4004EB133;
			productRefGroup = C0A672DC2A7AFEF4004EB133 /* Products */;
			projectDirPath = "";
			projectRoot = "";
			targets = (
				C0A672DA2A7AFEF4004EB133 /* IQListKit */,
			);
		};
/* End PBXProject section */

/* Begin PBXResourcesBuildPhase section */
		C0A672D92A7AFEF4004EB133 /* Resources */ = {
			isa = PBXResourcesBuildPhase;
			buildActionMask = 2147483647;
			files = (
				C01C6DC72D65B608000BDD13 /* PrivacyInfo.xcprivacy in Resources */,
			);
			runOnlyForDeploymentPostprocessing = 0;
		};
/* End PBXResourcesBuildPhase section */

/* Begin PBXSourcesBuildPhase section */
		C0A672D72A7AFEF4004EB133 /* Sources */ = {
			isa = PBXSourcesBuildPhase;
			buildActionMask = 2147483647;
			files = (
				C01C6D9D2D65B608000BDD13 /* IQItem.swift in Sources */,
				C01C6D9E2D65B608000BDD13 /* IQUIScrollViewDelegate.swift in Sources */,
				C01C6D9F2D65B608000BDD13 /* IQNoItemStateView.swift in Sources */,
				C01C6DA02D65B608000BDD13 /* IQDiffableDataSource.swift in Sources */,
				C01C6DA12D65B608000BDD13 /* IQList+Update.swift in Sources */,
				C01C6DA22D65B608000BDD13 /* IQListView.swift in Sources */,
				C01C6DA32D65B608000BDD13 /* IQNoItemStateRepresentable.swift in Sources */,
				C01C6DA42D65B608000BDD13 /* IQModelModifiable.swift in Sources */,
				C01C6DA52D65B608000BDD13 /* IQTableTitleSupplementaryView.swift in Sources */,
				C01C6DA62D65B608000BDD13 /* IQSupplementaryViewPlaceholder.swift in Sources */,
				C01C6DA72D65B608000BDD13 /* IQModelableCell.swift in Sources */,
				C01C6DA82D65B608000BDD13 /* IQSection.swift in Sources */,
				C01C6DA92D65B608000BDD13 /* IQCollectionTitleSupplementaryView.swift in Sources */,
				C01C6DAA2D65B608000BDD13 /* IQList+Register.swift in Sources */,
				C01C6DAB2D65B608000BDD13 /* IQReorderableModel.swift in Sources */,
				C01C6DAC2D65B608000BDD13 /* IQCollectionViewSectionLayout.swift in Sources */,
				C01C6DAD2D65B608000BDD13 /* IQCollectionViewLayout.swift in Sources */,
				C01C6DAE2D65B608000BDD13 /* IQList.swift in Sources */,
				C01C6DAF2D65B608000BDD13 /* IQListWrapper.swift in Sources */,
				C01C6DB02D65B608000BDD13 /* IQList+Info.swift in Sources */,
				C01C6DB12D65B608000BDD13 /* IQCollectionViewDiffableDataSource+UICollectionViewDelegate.swift in Sources */,
				C01C6DB22D65B608000BDD13 /* IQCollectionViewDiffableDataSource+UICollectionViewDelegateFlowLayout.swift in Sources */,
				C01C6DB32D65B608000BDD13 /* IQDiffableDataSourceSnapshotBuilder.swift in Sources */,
				C01C6DB42D65B608000BDD13 /* IQModelableSupplementaryView.swift in Sources */,
				C01C6DB52D65B608000BDD13 /* Array+Extension.swift in Sources */,
				C01C6DB62D65B608000BDD13 /* IQCellActionsProvider.swift in Sources */,
				C01C6DB72D65B608000BDD13 /* IQSelectableModel.swift in Sources */,
				C01C6DB82D65B608000BDD13 /* IQCellSizeProvider.swift in Sources */,
				C01C6DB92D65B608000BDD13 /* IQDiffableDataSourceSnapshotWrapper+UpdateSection.swift in Sources */,
				C01C6DBA2D65B608000BDD13 /* IQTableViewDiffableDataSource+UITableViewDataSourcePrefetching.swift in Sources */,
				C01C6DBB2D65B608000BDD13 /* IQTableViewDiffableDataSource.swift in Sources */,
				C01C6DBC2D65B608000BDD13 /* IQListViewDelegateDataSource.swift in Sources */,
				C01C6DBD2D65B608000BDD13 /* IQList+NoItem.swift in Sources */,
				C01C6DBE2D65B608000BDD13 /* IQCollectionViewDiffableDataSource.swift in Sources */,
				C01C6DBF2D65B608000BDD13 /* IQListCell.swift in Sources */,
				C01C6DC02D65B608000BDD13 /* UICollectionView+Extension.swift in Sources */,
				C01C6DC12D65B608000BDD13 /* IQTableEmptySupplementaryView.swift in Sources */,
				C01C6DC22D65B608000BDD13 /* IQTableViewCell.swift in Sources */,
				C01C6DC32D65B608000BDD13 /* IQDiffableDataSourceSnapshotWrapper+UpdateItem.swift in Sources */,
				C01C6DC42D65B608000BDD13 /* IQCollectionEmptySupplementaryView.swift in Sources */,
				C01C6DC52D65B608000BDD13 /* IQCollectionViewDiffableDataSource+UICollectionViewDataSourcePrefetching.swift in Sources */,
				C01C6DC62D65B608000BDD13 /* IQTableViewDiffableDataSource+UITableViewDelegate.swift in Sources */,
			);
			runOnlyForDeploymentPostprocessing = 0;
		};
/* End PBXSourcesBuildPhase section */

/* Begin XCBuildConfiguration section */
		C0A672E02A7AFEF4004EB133 /* Debug */ = {
			isa = XCBuildConfiguration;
			buildSettings = {
				ALWAYS_SEARCH_USER_PATHS = NO;
				CLANG_ANALYZER_NONNULL = YES;
				CLANG_ANALYZER_NUMBER_OBJECT_CONVERSION = YES_AGGRESSIVE;
				CLANG_CXX_LANGUAGE_STANDARD = "gnu++20";
				CLANG_ENABLE_MODULES = YES;
				CLANG_ENABLE_OBJC_ARC = YES;
				CLANG_ENABLE_OBJC_WEAK = YES;
				CLANG_WARN_BLOCK_CAPTURE_AUTORELEASING = YES;
				CLANG_WARN_BOOL_CONVERSION = YES;
				CLANG_WARN_COMMA = YES;
				CLANG_WARN_CONSTANT_CONVERSION = YES;
				CLANG_WARN_DEPRECATED_OBJC_IMPLEMENTATIONS = YES;
				CLANG_WARN_DIRECT_OBJC_ISA_USAGE = YES_ERROR;
				CLANG_WARN_DOCUMENTATION_COMMENTS = YES;
				CLANG_WARN_EMPTY_BODY = YES;
				CLANG_WARN_ENUM_CONVERSION = YES;
				CLANG_WARN_INFINITE_RECURSION = YES;
				CLANG_WARN_INT_CONVERSION = YES;
				CLANG_WARN_NON_LITERAL_NULL_CONVERSION = YES;
				CLANG_WARN_OBJC_IMPLICIT_RETAIN_SELF = YES;
				CLANG_WARN_OBJC_LITERAL_CONVERSION = YES;
				CLANG_WARN_OBJC_ROOT_CLASS = YES_ERROR;
				CLANG_WARN_QUOTED_INCLUDE_IN_FRAMEWORK_HEADER = YES;
				CLANG_WARN_RANGE_LOOP_ANALYSIS = YES;
				CLANG_WARN_STRICT_PROTOTYPES = YES;
				CLANG_WARN_SUSPICIOUS_MOVE = YES;
				CLANG_WARN_UNGUARDED_AVAILABILITY = YES_AGGRESSIVE;
				CLANG_WARN_UNREACHABLE_CODE = YES;
				CLANG_WARN__DUPLICATE_METHOD_MATCH = YES;
				COPY_PHASE_STRIP = NO;
				CURRENT_PROJECT_VERSION = 1;
				DEBUG_INFORMATION_FORMAT = dwarf;
				ENABLE_STRICT_OBJC_MSGSEND = YES;
				ENABLE_TESTABILITY = YES;
				GCC_C_LANGUAGE_STANDARD = gnu11;
				GCC_DYNAMIC_NO_PIC = NO;
				GCC_NO_COMMON_BLOCKS = YES;
				GCC_OPTIMIZATION_LEVEL = 0;
				GCC_PREPROCESSOR_DEFINITIONS = (
					"DEBUG=1",
					"$(inherited)",
				);
				GCC_WARN_64_TO_32_BIT_CONVERSION = YES;
				GCC_WARN_ABOUT_RETURN_TYPE = YES_ERROR;
				GCC_WARN_UNDECLARED_SELECTOR = YES;
				GCC_WARN_UNINITIALIZED_AUTOS = YES_AGGRESSIVE;
				GCC_WARN_UNUSED_FUNCTION = YES;
				GCC_WARN_UNUSED_VARIABLE = YES;
				IPHONEOS_DEPLOYMENT_TARGET = 16.4;
				MTL_ENABLE_DEBUG_INFO = INCLUDE_SOURCE;
				MTL_FAST_MATH = YES;
				ONLY_ACTIVE_ARCH = YES;
				SDKROOT = iphoneos;
				SWIFT_ACTIVE_COMPILATION_CONDITIONS = DEBUG;
				SWIFT_OPTIMIZATION_LEVEL = "-Onone";
				VERSIONING_SYSTEM = "apple-generic";
				VERSION_INFO_PREFIX = "";
			};
			name = Debug;
		};
		C0A672E12A7AFEF4004EB133 /* Release */ = {
			isa = XCBuildConfiguration;
			buildSettings = {
				ALWAYS_SEARCH_USER_PATHS = NO;
				CLANG_ANALYZER_NONNULL = YES;
				CLANG_ANALYZER_NUMBER_OBJECT_CONVERSION = YES_AGGRESSIVE;
				CLANG_CXX_LANGUAGE_STANDARD = "gnu++20";
				CLANG_ENABLE_MODULES = YES;
				CLANG_ENABLE_OBJC_ARC = YES;
				CLANG_ENABLE_OBJC_WEAK = YES;
				CLANG_WARN_BLOCK_CAPTURE_AUTORELEASING = YES;
				CLANG_WARN_BOOL_CONVERSION = YES;
				CLANG_WARN_COMMA = YES;
				CLANG_WARN_CONSTANT_CONVERSION = YES;
				CLANG_WARN_DEPRECATED_OBJC_IMPLEMENTATIONS = YES;
				CLANG_WARN_DIRECT_OBJC_ISA_USAGE = YES_ERROR;
				CLANG_WARN_DOCUMENTATION_COMMENTS = YES;
				CLANG_WARN_EMPTY_BODY = YES;
				CLANG_WARN_ENUM_CONVERSION = YES;
				CLANG_WARN_INFINITE_RECURSION = YES;
				CLANG_WARN_INT_CONVERSION = YES;
				CLANG_WARN_NON_LITERAL_NULL_CONVERSION = YES;
				CLANG_WARN_OBJC_IMPLICIT_RETAIN_SELF = YES;
				CLANG_WARN_OBJC_LITERAL_CONVERSION = YES;
				CLANG_WARN_OBJC_ROOT_CLASS = YES_ERROR;
				CLANG_WARN_QUOTED_INCLUDE_IN_FRAMEWORK_HEADER = YES;
				CLANG_WARN_RANGE_LOOP_ANALYSIS = YES;
				CLANG_WARN_STRICT_PROTOTYPES = YES;
				CLANG_WARN_SUSPICIOUS_MOVE = YES;
				CLANG_WARN_UNGUARDED_AVAILABILITY = YES_AGGRESSIVE;
				CLANG_WARN_UNREACHABLE_CODE = YES;
				CLANG_WARN__DUPLICATE_METHOD_MATCH = YES;
				COPY_PHASE_STRIP = NO;
				CURRENT_PROJECT_VERSION = 1;
				DEBUG_INFORMATION_FORMAT = "dwarf-with-dsym";
				ENABLE_NS_ASSERTIONS = NO;
				ENABLE_STRICT_OBJC_MSGSEND = YES;
				GCC_C_LANGUAGE_STANDARD = gnu11;
				GCC_NO_COMMON_BLOCKS = YES;
				GCC_WARN_64_TO_32_BIT_CONVERSION = YES;
				GCC_WARN_ABOUT_RETURN_TYPE = YES_ERROR;
				GCC_WARN_UNDECLARED_SELECTOR = YES;
				GCC_WARN_UNINITIALIZED_AUTOS = YES_AGGRESSIVE;
				GCC_WARN_UNUSED_FUNCTION = YES;
				GCC_WARN_UNUSED_VARIABLE = YES;
				IPHONEOS_DEPLOYMENT_TARGET = 16.4;
				MTL_ENABLE_DEBUG_INFO = NO;
				MTL_FAST_MATH = YES;
				SDKROOT = iphoneos;
				SWIFT_COMPILATION_MODE = wholemodule;
				SWIFT_OPTIMIZATION_LEVEL = "-O";
				VALIDATE_PRODUCT = YES;
				VERSIONING_SYSTEM = "apple-generic";
				VERSION_INFO_PREFIX = "";
			};
			name = Release;
		};
		C0A672E32A7AFEF4004EB133 /* Debug */ = {
			isa = XCBuildConfiguration;
			buildSettings = {
				CLANG_MODULES_AUTOLINK = NO;
				CODE_SIGN_STYLE = Automatic;
				CURRENT_PROJECT_VERSION = 1;
				DEFINES_MODULE = NO;
				DYLIB_COMPATIBILITY_VERSION = 1;
				DYLIB_CURRENT_VERSION = 1;
				DYLIB_INSTALL_NAME_BASE = "@rpath";
				ENABLE_MODULE_VERIFIER = YES;
				GENERATE_INFOPLIST_FILE = YES;
				INFOPLIST_KEY_NSHumanReadableCopyright = "";
				INSTALL_PATH = "$(LOCAL_LIBRARY_DIR)/Frameworks";
				IPHONEOS_DEPLOYMENT_TARGET = 13.0;
				LD_RUNPATH_SEARCH_PATHS = (
					"$(inherited)",
					"@executable_path/Frameworks",
					"@loader_path/Frameworks",
				);
				LINK_WITH_STANDARD_LIBRARIES = YES;
				MARKETING_VERSION = 6.1.2;
				MODULE_VERIFIER_SUPPORTED_LANGUAGES = "objective-c objective-c++";
				MODULE_VERIFIER_SUPPORTED_LANGUAGE_STANDARDS = "gnu11 gnu++20";
				PRODUCT_BUNDLE_IDENTIFIER = com.iftekhar.IQListKit.IQListKit;
				PRODUCT_NAME = "$(TARGET_NAME:c99extidentifier)";
				SKIP_INSTALL = YES;
				SWIFT_EMIT_LOC_STRINGS = YES;
				SWIFT_VERSION = 5.0;
				TARGETED_DEVICE_FAMILY = "1,2";
			};
			name = Debug;
		};
		C0A672E42A7AFEF4004EB133 /* Release */ = {
			isa = XCBuildConfiguration;
			buildSettings = {
				CLANG_MODULES_AUTOLINK = NO;
				CODE_SIGN_STYLE = Automatic;
				CURRENT_PROJECT_VERSION = 1;
				DEFINES_MODULE = NO;
				DYLIB_COMPATIBILITY_VERSION = 1;
				DYLIB_CURRENT_VERSION = 1;
				DYLIB_INSTALL_NAME_BASE = "@rpath";
				ENABLE_MODULE_VERIFIER = YES;
				GENERATE_INFOPLIST_FILE = YES;
				INFOPLIST_KEY_NSHumanReadableCopyright = "";
				INSTALL_PATH = "$(LOCAL_LIBRARY_DIR)/Frameworks";
				IPHONEOS_DEPLOYMENT_TARGET = 13.0;
				LD_RUNPATH_SEARCH_PATHS = (
					"$(inherited)",
					"@executable_path/Frameworks",
					"@loader_path/Frameworks",
				);
				LINK_WITH_STANDARD_LIBRARIES = YES;
				MARKETING_VERSION = 6.1.2;
				MODULE_VERIFIER_SUPPORTED_LANGUAGES = "objective-c objective-c++";
				MODULE_VERIFIER_SUPPORTED_LANGUAGE_STANDARDS = "gnu11 gnu++20";
				PRODUCT_BUNDLE_IDENTIFIER = com.iftekhar.IQListKit.IQListKit;
				PRODUCT_NAME = "$(TARGET_NAME:c99extidentifier)";
				SKIP_INSTALL = YES;
				SWIFT_EMIT_LOC_STRINGS = YES;
				SWIFT_VERSION = 5.0;
				TARGETED_DEVICE_FAMILY = "1,2";
			};
			name = Release;
		};
/* End XCBuildConfiguration section */

/* Begin XCConfigurationList section */
		C0A672D52A7AFEF4004EB133 /* Build configuration list for PBXProject "IQListKit" */ = {
			isa = XCConfigurationList;
			buildConfigurations = (
				C0A672E02A7AFEF4004EB133 /* Debug */,
				C0A672E12A7AFEF4004EB133 /* Release */,
			);
			defaultConfigurationIsVisible = 0;
			defaultConfigurationName = Release;
		};
		C0A672E22A7AFEF4004EB133 /* Build configuration list for PBXNativeTarget "IQListKit" */ = {
			isa = XCConfigurationList;
			buildConfigurations = (
				C0A672E32A7AFEF4004EB133 /* Debug */,
				C0A672E42A7AFEF4004EB133 /* Release */,
			);
			defaultConfigurationIsVisible = 0;
			defaultConfigurationName = Release;
		};
/* End XCConfigurationList section */
	};
	rootObject = C0A672D22A7AFEF4004EB133 /* Project object */;
}
